{
  "version": 4,
  "terraform_version": "1.9.8",
  "serial": 601,
  "lineage": "5544fefc-8979-1996-dff4-96370c820cca",
  "outputs": {},
  "resources": [
    {
      "mode": "managed",
      "type": "azurerm_resource_group",
      "name": "my_resource_group",
      "provider": "provider[\"registry.terraform.io/hashicorp/azurerm\"]",
      "instances": [
        {
          "schema_version": 0,
          "attributes": {
            "id": "/subscriptions/a2df4b23-b997-4f91-bfd2-b75e9f7812d8/resourceGroups/my-resource-group",
            "location": "norwayeast",
            "managed_by": "",
            "name": "my-resource-group",
            "tags": null,
            "timeouts": null
          },
          "sensitive_attributes": [],
          "private": "eyJlMmJmYjczMC1lY2FhLTExZTYtOGY4OC0zNDM2M2JjN2M0YzAiOnsiY3JlYXRlIjo1NDAwMDAwMDAwMDAwLCJkZWxldGUiOjU0MDAwMDAwMDAwMDAsInJlYWQiOjMwMDAwMDAwMDAwMCwidXBkYXRlIjo1NDAwMDAwMDAwMDAwfX0="
        }
      ]
    },
    {
      "module": "module.load_balancer",
      "mode": "managed",
      "type": "azurerm_lb",
      "name": "db_lb",
      "provider": "provider[\"registry.terraform.io/hashicorp/azurerm\"]",
      "instances": [
        {
          "schema_version": 0,
          "attributes": {
            "edge_zone": "",
            "frontend_ip_configuration": [
              {
                "gateway_load_balancer_frontend_ip_configuration_id": "",
                "id": "/subscriptions/a2df4b23-b997-4f91-bfd2-b75e9f7812d8/resourceGroups/my-resource-group/providers/Microsoft.Network/loadBalancers/db-load-balancer/frontendIPConfigurations/frontend-ip-db",
                "inbound_nat_rules": [],
                "load_balancer_rules": [],
                "name": "frontend-ip-db",
                "outbound_rules": [],
                "private_ip_address": "",
                "private_ip_address_allocation": "Dynamic",
                "private_ip_address_version": "",
                "public_ip_address_id": "/subscriptions/a2df4b23-b997-4f91-bfd2-b75e9f7812d8/resourceGroups/my-resource-group/providers/Microsoft.Network/publicIPAddresses/db-lb-public-ip",
                "public_ip_prefix_id": "",
                "subnet_id": "",
                "zones": null
              }
            ],
            "id": "/subscriptions/a2df4b23-b997-4f91-bfd2-b75e9f7812d8/resourceGroups/my-resource-group/providers/Microsoft.Network/loadBalancers/db-load-balancer",
            "location": "norwayeast",
            "name": "db-load-balancer",
            "private_ip_address": "",
            "private_ip_addresses": [],
            "resource_group_name": "my-resource-group",
            "sku": "Standard",
            "sku_tier": "Regional",
            "tags": null,
            "timeouts": null
          },
          "sensitive_attributes": [],
          "private": "eyJlMmJmYjczMC1lY2FhLTExZTYtOGY4OC0zNDM2M2JjN2M0YzAiOnsiY3JlYXRlIjoxODAwMDAwMDAwMDAwLCJkZWxldGUiOjE4MDAwMDAwMDAwMDAsInJlYWQiOjMwMDAwMDAwMDAwMCwidXBkYXRlIjoxODAwMDAwMDAwMDAwfX0=",
          "dependencies": [
            "azurerm_resource_group.my_resource_group",
            "module.load_balancer.azurerm_public_ip.db_public_ip"
          ]
        }
      ]
    },
    {
      "module": "module.load_balancer",
      "mode": "managed",
      "type": "azurerm_lb_backend_address_pool",
      "name": "db_backend_pool",
      "provider": "provider[\"registry.terraform.io/hashicorp/azurerm\"]",
      "instances": [
        {
          "schema_version": 0,
          "attributes": {
            "backend_ip_configurations": [],
            "id": "/subscriptions/a2df4b23-b997-4f91-bfd2-b75e9f7812d8/resourceGroups/my-resource-group/providers/Microsoft.Network/loadBalancers/db-load-balancer/backendAddressPools/db-backend-pool",
            "inbound_nat_rules": [],
            "load_balancing_rules": [],
            "loadbalancer_id": "/subscriptions/a2df4b23-b997-4f91-bfd2-b75e9f7812d8/resourceGroups/my-resource-group/providers/Microsoft.Network/loadBalancers/db-load-balancer",
            "name": "db-backend-pool",
            "outbound_rules": [],
            "synchronous_mode": "",
            "timeouts": null,
            "tunnel_interface": [],
            "virtual_network_id": ""
          },
          "sensitive_attributes": [],
          "private": "eyJlMmJmYjczMC1lY2FhLTExZTYtOGY4OC0zNDM2M2JjN2M0YzAiOnsiY3JlYXRlIjoxODAwMDAwMDAwMDAwLCJkZWxldGUiOjE4MDAwMDAwMDAwMDAsInJlYWQiOjMwMDAwMDAwMDAwMCwidXBkYXRlIjoxODAwMDAwMDAwMDAwfX0=",
          "dependencies": [
            "azurerm_resource_group.my_resource_group",
            "module.load_balancer.azurerm_lb.db_lb",
            "module.load_balancer.azurerm_public_ip.db_public_ip"
          ]
        }
      ]
    },
    {
      "module": "module.load_balancer",
      "mode": "managed",
      "type": "azurerm_lb_probe",
      "name": "db_health_probe",
      "provider": "provider[\"registry.terraform.io/hashicorp/azurerm\"]",
      "instances": [
        {
          "schema_version": 0,
          "attributes": {
            "id": "/subscriptions/a2df4b23-b997-4f91-bfd2-b75e9f7812d8/resourceGroups/my-resource-group/providers/Microsoft.Network/loadBalancers/db-load-balancer/probes/db-health-probe",
            "interval_in_seconds": 15,
            "load_balancer_rules": [],
            "loadbalancer_id": "/subscriptions/a2df4b23-b997-4f91-bfd2-b75e9f7812d8/resourceGroups/my-resource-group/providers/Microsoft.Network/loadBalancers/db-load-balancer",
            "name": "db-health-probe",
            "number_of_probes": 2,
            "port": 3306,
            "probe_threshold": 1,
            "protocol": "Tcp",
            "request_path": "",
            "timeouts": null
          },
          "sensitive_attributes": [],
          "private": "eyJlMmJmYjczMC1lY2FhLTExZTYtOGY4OC0zNDM2M2JjN2M0YzAiOnsiY3JlYXRlIjoxODAwMDAwMDAwMDAwLCJkZWxldGUiOjE4MDAwMDAwMDAwMDAsInJlYWQiOjMwMDAwMDAwMDAwMCwidXBkYXRlIjoxODAwMDAwMDAwMDAwfX0=",
          "dependencies": [
            "azurerm_resource_group.my_resource_group",
            "module.load_balancer.azurerm_lb.db_lb",
            "module.load_balancer.azurerm_public_ip.db_public_ip"
          ]
        }
      ]
    },
    {
      "module": "module.load_balancer",
      "mode": "managed",
      "type": "azurerm_lb_rule",
      "name": "db_lb_rule",
      "provider": "provider[\"registry.terraform.io/hashicorp/azurerm\"]",
      "instances": [
        {
          "schema_version": 0,
          "attributes": {
            "backend_address_pool_ids": [
              "/subscriptions/a2df4b23-b997-4f91-bfd2-b75e9f7812d8/resourceGroups/my-resource-group/providers/Microsoft.Network/loadBalancers/db-load-balancer/backendAddressPools/db-backend-pool"
            ],
            "backend_port": 3306,
            "disable_outbound_snat": false,
            "enable_floating_ip": false,
            "enable_tcp_reset": false,
            "frontend_ip_configuration_id": "/subscriptions/a2df4b23-b997-4f91-bfd2-b75e9f7812d8/resourceGroups/my-resource-group/providers/Microsoft.Network/loadBalancers/db-load-balancer/frontendIPConfigurations/frontend-ip-db",
            "frontend_ip_configuration_name": "frontend-ip-db",
            "frontend_port": 3306,
            "id": "/subscriptions/a2df4b23-b997-4f91-bfd2-b75e9f7812d8/resourceGroups/my-resource-group/providers/Microsoft.Network/loadBalancers/db-load-balancer/loadBalancingRules/db-load-balancer-rule",
            "idle_timeout_in_minutes": 4,
            "load_distribution": "Default",
            "loadbalancer_id": "/subscriptions/a2df4b23-b997-4f91-bfd2-b75e9f7812d8/resourceGroups/my-resource-group/providers/Microsoft.Network/loadBalancers/db-load-balancer",
            "name": "db-load-balancer-rule",
            "probe_id": "/subscriptions/a2df4b23-b997-4f91-bfd2-b75e9f7812d8/resourceGroups/my-resource-group/providers/Microsoft.Network/loadBalancers/db-load-balancer/probes/db-health-probe",
            "protocol": "Tcp",
            "timeouts": null
          },
          "sensitive_attributes": [],
          "private": "eyJlMmJmYjczMC1lY2FhLTExZTYtOGY4OC0zNDM2M2JjN2M0YzAiOnsiY3JlYXRlIjoxODAwMDAwMDAwMDAwLCJkZWxldGUiOjE4MDAwMDAwMDAwMDAsInJlYWQiOjMwMDAwMDAwMDAwMCwidXBkYXRlIjoxODAwMDAwMDAwMDAwfX0=",
          "dependencies": [
            "azurerm_resource_group.my_resource_group",
            "module.load_balancer.azurerm_lb.db_lb",
            "module.load_balancer.azurerm_lb_backend_address_pool.db_backend_pool",
            "module.load_balancer.azurerm_lb_probe.db_health_probe",
            "module.load_balancer.azurerm_public_ip.db_public_ip"
          ]
        }
      ]
    },
    {
      "module": "module.load_balancer",
      "mode": "managed",
      "type": "azurerm_public_ip",
      "name": "db_public_ip",
      "provider": "provider[\"registry.terraform.io/hashicorp/azurerm\"]",
      "instances": [
        {
          "schema_version": 0,
          "attributes": {
            "allocation_method": "Static",
            "ddos_protection_mode": "VirtualNetworkInherited",
            "ddos_protection_plan_id": null,
            "domain_name_label": null,
            "domain_name_label_scope": null,
            "edge_zone": "",
            "fqdn": null,
            "id": "/subscriptions/a2df4b23-b997-4f91-bfd2-b75e9f7812d8/resourceGroups/my-resource-group/providers/Microsoft.Network/publicIPAddresses/db-lb-public-ip",
            "idle_timeout_in_minutes": 4,
            "ip_address": "20.251.210.75",
            "ip_tags": null,
            "ip_version": "IPv4",
            "location": "norwayeast",
            "name": "db-lb-public-ip",
            "public_ip_prefix_id": null,
            "resource_group_name": "my-resource-group",
            "reverse_fqdn": null,
            "sku": "Standard",
            "sku_tier": "Regional",
            "tags": null,
            "timeouts": null,
            "zones": null
          },
          "sensitive_attributes": [],
          "private": "eyJlMmJmYjczMC1lY2FhLTExZTYtOGY4OC0zNDM2M2JjN2M0YzAiOnsiY3JlYXRlIjoxODAwMDAwMDAwMDAwLCJkZWxldGUiOjE4MDAwMDAwMDAwMDAsInJlYWQiOjMwMDAwMDAwMDAwMCwidXBkYXRlIjoxODAwMDAwMDAwMDAwfX0=",
          "dependencies": [
            "azurerm_resource_group.my_resource_group"
          ]
        }
      ]
    },
    {
      "module": "module.network",
      "mode": "managed",
      "type": "azurerm_subnet",
      "name": "subnet",
      "provider": "provider[\"registry.terraform.io/hashicorp/azurerm\"]",
      "instances": [
        {
          "schema_version": 0,
          "attributes": {
            "address_prefixes": [
              "10.0.1.0/24"
            ],
            "default_outbound_access_enabled": true,
            "delegation": [],
            "id": "/subscriptions/a2df4b23-b997-4f91-bfd2-b75e9f7812d8/resourceGroups/my-resource-group/providers/Microsoft.Network/virtualNetworks/my-vnet/subnets/my-subnet",
            "name": "my-subnet",
            "private_endpoint_network_policies": "Disabled",
            "private_link_service_network_policies_enabled": true,
            "resource_group_name": "my-resource-group",
            "service_endpoint_policy_ids": null,
            "service_endpoints": null,
            "timeouts": null,
            "virtual_network_name": "my-vnet"
          },
          "sensitive_attributes": [],
          "private": "eyJlMmJmYjczMC1lY2FhLTExZTYtOGY4OC0zNDM2M2JjN2M0YzAiOnsiY3JlYXRlIjoxODAwMDAwMDAwMDAwLCJkZWxldGUiOjE4MDAwMDAwMDAwMDAsInJlYWQiOjMwMDAwMDAwMDAwMCwidXBkYXRlIjoxODAwMDAwMDAwMDAwfX0=",
          "dependencies": [
            "azurerm_resource_group.my_resource_group",
            "module.network.azurerm_virtual_network.vnet"
          ]
        }
      ]
    },
    {
      "module": "module.network",
      "mode": "managed",
      "type": "azurerm_virtual_network",
      "name": "vnet",
      "provider": "provider[\"registry.terraform.io/hashicorp/azurerm\"]",
      "instances": [
        {
          "schema_version": 0,
          "attributes": {
            "address_space": [
              "10.0.0.0/16"
            ],
            "bgp_community": "",
            "ddos_protection_plan": [],
            "dns_servers": [],
            "edge_zone": "",
            "encryption": [],
            "flow_timeout_in_minutes": 0,
            "guid": "b86ff082-1ffe-4caf-b229-bbeb8ffc7e4c",
            "id": "/subscriptions/a2df4b23-b997-4f91-bfd2-b75e9f7812d8/resourceGroups/my-resource-group/providers/Microsoft.Network/virtualNetworks/my-vnet",
            "location": "norwayeast",
            "name": "my-vnet",
            "resource_group_name": "my-resource-group",
            "subnet": [],
            "tags": null,
            "timeouts": null
          },
          "sensitive_attributes": [],
          "private": "eyJlMmJmYjczMC1lY2FhLTExZTYtOGY4OC0zNDM2M2JjN2M0YzAiOnsiY3JlYXRlIjoxODAwMDAwMDAwMDAwLCJkZWxldGUiOjE4MDAwMDAwMDAwMDAsInJlYWQiOjMwMDAwMDAwMDAwMCwidXBkYXRlIjoxODAwMDAwMDAwMDAwfX0=",
          "dependencies": [
            "azurerm_resource_group.my_resource_group"
          ]
        }
      ]
    },
    {
      "module": "module.vm",
      "mode": "managed",
      "type": "azurerm_network_interface",
      "name": "db_nic",
      "provider": "provider[\"registry.terraform.io/hashicorp/azurerm\"]",
      "instances": [
        {
          "index_key": 0,
          "schema_version": 0,
          "attributes": {
            "accelerated_networking_enabled": false,
            "applied_dns_servers": [],
            "auxiliary_mode": "",
            "auxiliary_sku": "",
            "dns_servers": null,
            "edge_zone": "",
            "id": "/subscriptions/a2df4b23-b997-4f91-bfd2-b75e9f7812d8/resourceGroups/my-resource-group/providers/Microsoft.Network/networkInterfaces/db-nic-1",
            "internal_dns_name_label": "",
            "internal_domain_name_suffix": "qlyg5oh4d4xuzmrjxpvy55d4je.oslx.internal.cloudapp.net",
            "ip_configuration": [
              {
                "gateway_load_balancer_frontend_ip_configuration_id": "",
                "name": "internal",
                "primary": true,
                "private_ip_address": "10.0.1.6",
                "private_ip_address_allocation": "Dynamic",
                "private_ip_address_version": "IPv4",
                "public_ip_address_id": "",
                "subnet_id": "/subscriptions/a2df4b23-b997-4f91-bfd2-b75e9f7812d8/resourceGroups/my-resource-group/providers/Microsoft.Network/virtualNetworks/my-vnet/subnets/my-subnet"
              }
            ],
            "ip_forwarding_enabled": false,
            "location": "norwayeast",
            "mac_address": "",
            "name": "db-nic-1",
            "private_ip_address": "10.0.1.6",
            "private_ip_addresses": [
              "10.0.1.6"
            ],
            "resource_group_name": "my-resource-group",
            "tags": null,
            "timeouts": null,
            "virtual_machine_id": ""
          },
          "sensitive_attributes": [],
          "private": "eyJlMmJmYjczMC1lY2FhLTExZTYtOGY4OC0zNDM2M2JjN2M0YzAiOnsiY3JlYXRlIjoxODAwMDAwMDAwMDAwLCJkZWxldGUiOjE4MDAwMDAwMDAwMDAsInJlYWQiOjMwMDAwMDAwMDAwMCwidXBkYXRlIjoxODAwMDAwMDAwMDAwfX0=",
          "dependencies": [
            "azurerm_resource_group.my_resource_group",
            "module.network.azurerm_subnet.subnet",
            "module.network.azurerm_virtual_network.vnet"
          ]
        },
        {
          "index_key": 1,
          "schema_version": 0,
          "attributes": {
            "accelerated_networking_enabled": false,
            "applied_dns_servers": [],
            "auxiliary_mode": "",
            "auxiliary_sku": "",
            "dns_servers": null,
            "edge_zone": "",
            "id": "/subscriptions/a2df4b23-b997-4f91-bfd2-b75e9f7812d8/resourceGroups/my-resource-group/providers/Microsoft.Network/networkInterfaces/db-nic-2",
            "internal_dns_name_label": "",
            "internal_domain_name_suffix": "qlyg5oh4d4xuzmrjxpvy55d4je.oslx.internal.cloudapp.net",
            "ip_configuration": [
              {
                "gateway_load_balancer_frontend_ip_configuration_id": "",
                "name": "internal",
                "primary": true,
                "private_ip_address": "10.0.1.4",
                "private_ip_address_allocation": "Dynamic",
                "private_ip_address_version": "IPv4",
                "public_ip_address_id": "",
                "subnet_id": "/subscriptions/a2df4b23-b997-4f91-bfd2-b75e9f7812d8/resourceGroups/my-resource-group/providers/Microsoft.Network/virtualNetworks/my-vnet/subnets/my-subnet"
              }
            ],
            "ip_forwarding_enabled": false,
            "location": "norwayeast",
            "mac_address": "",
            "name": "db-nic-2",
            "private_ip_address": "10.0.1.4",
            "private_ip_addresses": [
              "10.0.1.4"
            ],
            "resource_group_name": "my-resource-group",
            "tags": null,
            "timeouts": null,
            "virtual_machine_id": ""
          },
          "sensitive_attributes": [],
          "private": "eyJlMmJmYjczMC1lY2FhLTExZTYtOGY4OC0zNDM2M2JjN2M0YzAiOnsiY3JlYXRlIjoxODAwMDAwMDAwMDAwLCJkZWxldGUiOjE4MDAwMDAwMDAwMDAsInJlYWQiOjMwMDAwMDAwMDAwMCwidXBkYXRlIjoxODAwMDAwMDAwMDAwfX0=",
          "dependencies": [
            "azurerm_resource_group.my_resource_group",
            "module.network.azurerm_subnet.subnet",
            "module.network.azurerm_virtual_network.vnet"
          ]
        }
      ]
    },
    {
      "module": "module.vm",
      "mode": "managed",
      "type": "azurerm_network_interface",
      "name": "web_nic",
      "provider": "provider[\"registry.terraform.io/hashicorp/azurerm\"]",
      "instances": [
        {
          "schema_version": 0,
          "attributes": {
            "accelerated_networking_enabled": false,
            "applied_dns_servers": [],
            "auxiliary_mode": "",
            "auxiliary_sku": "",
            "dns_servers": null,
            "edge_zone": "",
            "id": "/subscriptions/a2df4b23-b997-4f91-bfd2-b75e9f7812d8/resourceGroups/my-resource-group/providers/Microsoft.Network/networkInterfaces/web-nic",
            "internal_dns_name_label": "",
            "internal_domain_name_suffix": "qlyg5oh4d4xuzmrjxpvy55d4je.oslx.internal.cloudapp.net",
            "ip_configuration": [
              {
                "gateway_load_balancer_frontend_ip_configuration_id": "",
                "name": "internal",
                "primary": true,
                "private_ip_address": "10.0.1.5",
                "private_ip_address_allocation": "Dynamic",
                "private_ip_address_version": "IPv4",
                "public_ip_address_id": "/subscriptions/a2df4b23-b997-4f91-bfd2-b75e9f7812d8/resourceGroups/my-resource-group/providers/Microsoft.Network/publicIPAddresses/web-public-ip",
                "subnet_id": "/subscriptions/a2df4b23-b997-4f91-bfd2-b75e9f7812d8/resourceGroups/my-resource-group/providers/Microsoft.Network/virtualNetworks/my-vnet/subnets/my-subnet"
              }
            ],
            "ip_forwarding_enabled": false,
            "location": "norwayeast",
            "mac_address": "",
            "name": "web-nic",
            "private_ip_address": "10.0.1.5",
            "private_ip_addresses": [
              "10.0.1.5"
            ],
            "resource_group_name": "my-resource-group",
            "tags": null,
            "timeouts": null,
            "virtual_machine_id": ""
          },
          "sensitive_attributes": [],
          "private": "eyJlMmJmYjczMC1lY2FhLTExZTYtOGY4OC0zNDM2M2JjN2M0YzAiOnsiY3JlYXRlIjoxODAwMDAwMDAwMDAwLCJkZWxldGUiOjE4MDAwMDAwMDAwMDAsInJlYWQiOjMwMDAwMDAwMDAwMCwidXBkYXRlIjoxODAwMDAwMDAwMDAwfX0=",
          "dependencies": [
            "azurerm_resource_group.my_resource_group",
            "module.network.azurerm_subnet.subnet",
            "module.network.azurerm_virtual_network.vnet",
            "module.vm.azurerm_public_ip.web_public_ip"
          ]
        }
      ]
    },
    {
      "module": "module.vm",
      "mode": "managed",
      "type": "azurerm_network_interface_backend_address_pool_association",
      "name": "db_nic_pool_association",
      "provider": "provider[\"registry.terraform.io/hashicorp/azurerm\"]",
      "instances": [
        {
          "index_key": 0,
          "schema_version": 0,
          "attributes": {
            "backend_address_pool_id": "/subscriptions/a2df4b23-b997-4f91-bfd2-b75e9f7812d8/resourceGroups/my-resource-group/providers/Microsoft.Network/loadBalancers/db-load-balancer/backendAddressPools/db-backend-pool",
            "id": "/subscriptions/a2df4b23-b997-4f91-bfd2-b75e9f7812d8/resourceGroups/my-resource-group/providers/Microsoft.Network/networkInterfaces/db-nic-1/ipConfigurations/internal|/subscriptions/a2df4b23-b997-4f91-bfd2-b75e9f7812d8/resourceGroups/my-resource-group/providers/Microsoft.Network/loadBalancers/db-load-balancer/backendAddressPools/db-backend-pool",
            "ip_configuration_name": "internal",
            "network_interface_id": "/subscriptions/a2df4b23-b997-4f91-bfd2-b75e9f7812d8/resourceGroups/my-resource-group/providers/Microsoft.Network/networkInterfaces/db-nic-1",
            "timeouts": null
          },
          "sensitive_attributes": [],
          "private": "eyJlMmJmYjczMC1lY2FhLTExZTYtOGY4OC0zNDM2M2JjN2M0YzAiOnsiY3JlYXRlIjoxODAwMDAwMDAwMDAwLCJkZWxldGUiOjE4MDAwMDAwMDAwMDAsInJlYWQiOjMwMDAwMDAwMDAwMH19",
          "dependencies": [
            "azurerm_resource_group.my_resource_group",
            "module.load_balancer.azurerm_lb.db_lb",
            "module.load_balancer.azurerm_lb_backend_address_pool.db_backend_pool",
            "module.load_balancer.azurerm_public_ip.db_public_ip",
            "module.network.azurerm_subnet.subnet",
            "module.network.azurerm_virtual_network.vnet",
            "module.vm.azurerm_network_interface.db_nic"
          ]
        },
        {
          "index_key": 1,
          "schema_version": 0,
          "attributes": {
            "backend_address_pool_id": "/subscriptions/a2df4b23-b997-4f91-bfd2-b75e9f7812d8/resourceGroups/my-resource-group/providers/Microsoft.Network/loadBalancers/db-load-balancer/backendAddressPools/db-backend-pool",
            "id": "/subscriptions/a2df4b23-b997-4f91-bfd2-b75e9f7812d8/resourceGroups/my-resource-group/providers/Microsoft.Network/networkInterfaces/db-nic-2/ipConfigurations/internal|/subscriptions/a2df4b23-b997-4f91-bfd2-b75e9f7812d8/resourceGroups/my-resource-group/providers/Microsoft.Network/loadBalancers/db-load-balancer/backendAddressPools/db-backend-pool",
            "ip_configuration_name": "internal",
            "network_interface_id": "/subscriptions/a2df4b23-b997-4f91-bfd2-b75e9f7812d8/resourceGroups/my-resource-group/providers/Microsoft.Network/networkInterfaces/db-nic-2",
            "timeouts": null
          },
          "sensitive_attributes": [],
          "private": "eyJlMmJmYjczMC1lY2FhLTExZTYtOGY4OC0zNDM2M2JjN2M0YzAiOnsiY3JlYXRlIjoxODAwMDAwMDAwMDAwLCJkZWxldGUiOjE4MDAwMDAwMDAwMDAsInJlYWQiOjMwMDAwMDAwMDAwMH19",
          "dependencies": [
            "azurerm_resource_group.my_resource_group",
            "module.load_balancer.azurerm_lb.db_lb",
            "module.load_balancer.azurerm_lb_backend_address_pool.db_backend_pool",
            "module.load_balancer.azurerm_public_ip.db_public_ip",
            "module.network.azurerm_subnet.subnet",
            "module.network.azurerm_virtual_network.vnet",
            "module.vm.azurerm_network_interface.db_nic"
          ]
        }
      ]
    },
    {
      "module": "module.vm",
      "mode": "managed",
      "type": "azurerm_network_interface_security_group_association",
      "name": "web_nic_nsg",
      "provider": "provider[\"registry.terraform.io/hashicorp/azurerm\"]",
      "instances": [
        {
          "schema_version": 0,
          "attributes": {
            "id": "/subscriptions/a2df4b23-b997-4f91-bfd2-b75e9f7812d8/resourceGroups/my-resource-group/providers/Microsoft.Network/networkInterfaces/web-nic|/subscriptions/a2df4b23-b997-4f91-bfd2-b75e9f7812d8/resourceGroups/my-resource-group/providers/Microsoft.Network/networkSecurityGroups/web-nsg",
            "network_interface_id": "/subscriptions/a2df4b23-b997-4f91-bfd2-b75e9f7812d8/resourceGroups/my-resource-group/providers/Microsoft.Network/networkInterfaces/web-nic",
            "network_security_group_id": "/subscriptions/a2df4b23-b997-4f91-bfd2-b75e9f7812d8/resourceGroups/my-resource-group/providers/Microsoft.Network/networkSecurityGroups/web-nsg",
            "timeouts": null
          },
          "sensitive_attributes": [],
          "private": "eyJlMmJmYjczMC1lY2FhLTExZTYtOGY4OC0zNDM2M2JjN2M0YzAiOnsiY3JlYXRlIjoxODAwMDAwMDAwMDAwLCJkZWxldGUiOjE4MDAwMDAwMDAwMDAsInJlYWQiOjMwMDAwMDAwMDAwMH19",
          "dependencies": [
            "azurerm_resource_group.my_resource_group",
            "module.network.azurerm_subnet.subnet",
            "module.network.azurerm_virtual_network.vnet",
            "module.vm.azurerm_network_interface.web_nic",
            "module.vm.azurerm_network_security_group.web_nsg",
            "module.vm.azurerm_public_ip.web_public_ip"
          ]
        }
      ]
    },
    {
      "module": "module.vm",
      "mode": "managed",
      "type": "azurerm_network_security_group",
      "name": "web_nsg",
      "provider": "provider[\"registry.terraform.io/hashicorp/azurerm\"]",
      "instances": [
        {
          "schema_version": 0,
          "attributes": {
            "id": "/subscriptions/a2df4b23-b997-4f91-bfd2-b75e9f7812d8/resourceGroups/my-resource-group/providers/Microsoft.Network/networkSecurityGroups/web-nsg",
            "location": "norwayeast",
            "name": "web-nsg",
            "resource_group_name": "my-resource-group",
            "security_rule": [
              {
                "access": "Allow",
                "description": "",
                "destination_address_prefix": "*",
                "destination_address_prefixes": [],
                "destination_application_security_group_ids": [],
                "destination_port_range": "80",
                "destination_port_ranges": [],
                "direction": "Inbound",
                "name": "AllowHTTP",
                "priority": 100,
                "protocol": "Tcp",
                "source_address_prefix": "*",
                "source_address_prefixes": [],
                "source_application_security_group_ids": [],
                "source_port_range": "*",
                "source_port_ranges": []
              }
            ],
            "tags": null,
            "timeouts": null
          },
          "sensitive_attributes": [],
          "private": "eyJlMmJmYjczMC1lY2FhLTExZTYtOGY4OC0zNDM2M2JjN2M0YzAiOnsiY3JlYXRlIjoxODAwMDAwMDAwMDAwLCJkZWxldGUiOjE4MDAwMDAwMDAwMDAsInJlYWQiOjMwMDAwMDAwMDAwMCwidXBkYXRlIjoxODAwMDAwMDAwMDAwfX0=",
          "dependencies": [
            "azurerm_resource_group.my_resource_group"
          ]
        }
      ]
    },
    {
      "module": "module.vm",
      "mode": "managed",
      "type": "azurerm_public_ip",
      "name": "web_public_ip",
      "provider": "provider[\"registry.terraform.io/hashicorp/azurerm\"]",
      "instances": [
        {
          "schema_version": 0,
          "attributes": {
            "allocation_method": "Static",
            "ddos_protection_mode": "VirtualNetworkInherited",
            "ddos_protection_plan_id": null,
            "domain_name_label": null,
            "domain_name_label_scope": null,
            "edge_zone": "",
            "fqdn": null,
            "id": "/subscriptions/a2df4b23-b997-4f91-bfd2-b75e9f7812d8/resourceGroups/my-resource-group/providers/Microsoft.Network/publicIPAddresses/web-public-ip",
            "idle_timeout_in_minutes": 4,
            "ip_address": "20.251.210.54",
            "ip_tags": null,
            "ip_version": "IPv4",
            "location": "norwayeast",
            "name": "web-public-ip",
            "public_ip_prefix_id": null,
            "resource_group_name": "my-resource-group",
            "reverse_fqdn": null,
            "sku": "Standard",
            "sku_tier": "Regional",
            "tags": null,
            "timeouts": null,
            "zones": null
          },
          "sensitive_attributes": [],
          "private": "eyJlMmJmYjczMC1lY2FhLTExZTYtOGY4OC0zNDM2M2JjN2M0YzAiOnsiY3JlYXRlIjoxODAwMDAwMDAwMDAwLCJkZWxldGUiOjE4MDAwMDAwMDAwMDAsInJlYWQiOjMwMDAwMDAwMDAwMCwidXBkYXRlIjoxODAwMDAwMDAwMDAwfX0=",
          "dependencies": [
            "azurerm_resource_group.my_resource_group"
          ]
        }
      ]
    },
    {
      "module": "module.vm",
      "mode": "managed",
      "type": "azurerm_virtual_machine",
      "name": "db_vm",
      "provider": "provider[\"registry.terraform.io/hashicorp/azurerm\"]",
      "instances": [
        {
          "index_key": 0,
          "schema_version": 0,
          "attributes": {
            "additional_capabilities": [],
            "availability_set_id": null,
            "boot_diagnostics": [],
            "delete_data_disks_on_termination": false,
            "delete_os_disk_on_termination": false,
            "id": "/subscriptions/a2df4b23-b997-4f91-bfd2-b75e9f7812d8/resourceGroups/my-resource-group/providers/Microsoft.Compute/virtualMachines/db-vm-1",
            "identity": [],
            "license_type": null,
            "location": "norwayeast",
            "name": "db-vm-1",
            "network_interface_ids": [
              "/subscriptions/a2df4b23-b997-4f91-bfd2-b75e9f7812d8/resourceGroups/my-resource-group/providers/Microsoft.Network/networkInterfaces/db-nic-1"
            ],
            "os_profile": [
              {
                "admin_password": "",
                "admin_username": "admin123",
                "computer_name": "db-vm-1",
                "custom_data": ""
              }
            ],
            "os_profile_linux_config": [
              {
                "disable_password_authentication": false,
                "ssh_keys": []
              }
            ],
            "os_profile_secrets": [],
            "os_profile_windows_config": [],
            "plan": [],
            "primary_network_interface_id": null,
            "proximity_placement_group_id": null,
            "resource_group_name": "my-resource-group",
            "storage_data_disk": [],
            "storage_image_reference": [
              {
                "id": "",
                "offer": "UbuntuServer",
                "publisher": "Canonical",
                "sku": "18.04-LTS",
                "version": "latest"
              }
            ],
            "storage_os_disk": [
              {
                "caching": "ReadWrite",
                "create_option": "FromImage",
                "disk_size_gb": 30,
                "image_uri": "",
                "managed_disk_id": "/subscriptions/a2df4b23-b997-4f91-bfd2-b75e9f7812d8/resourceGroups/my-resource-group/providers/Microsoft.Compute/disks/dbosdisk-1",
                "managed_disk_type": "Standard_LRS",
                "name": "dbosdisk-1",
                "os_type": "Linux",
                "vhd_uri": "",
                "write_accelerator_enabled": false
              }
            ],
            "tags": null,
            "timeouts": null,
            "vm_size": "Standard_B1s",
            "zones": null
          },
          "sensitive_attributes": [
            [
              {
                "type": "get_attr",
                "value": "os_profile"
              }
            ]
          ],
          "private": "eyJlMmJmYjczMC1lY2FhLTExZTYtOGY4OC0zNDM2M2JjN2M0YzAiOnsiY3JlYXRlIjozNjAwMDAwMDAwMDAwLCJkZWxldGUiOjM2MDAwMDAwMDAwMDAsInJlYWQiOjMwMDAwMDAwMDAwMCwidXBkYXRlIjozNjAwMDAwMDAwMDAwfX0=",
          "dependencies": [
            "azurerm_resource_group.my_resource_group",
            "module.network.azurerm_subnet.subnet",
            "module.network.azurerm_virtual_network.vnet",
            "module.vm.azurerm_network_interface.db_nic"
          ]
        },
        {
          "index_key": 1,
          "schema_version": 0,
          "attributes": {
            "additional_capabilities": [],
            "availability_set_id": null,
            "boot_diagnostics": [],
            "delete_data_disks_on_termination": false,
            "delete_os_disk_on_termination": false,
            "id": "/subscriptions/a2df4b23-b997-4f91-bfd2-b75e9f7812d8/resourceGroups/my-resource-group/providers/Microsoft.Compute/virtualMachines/db-vm-2",
            "identity": [],
            "license_type": null,
            "location": "norwayeast",
            "name": "db-vm-2",
            "network_interface_ids": [
              "/subscriptions/a2df4b23-b997-4f91-bfd2-b75e9f7812d8/resourceGroups/my-resource-group/providers/Microsoft.Network/networkInterfaces/db-nic-2"
            ],
            "os_profile": [
              {
                "admin_password": "",
                "admin_username": "admin123",
                "computer_name": "db-vm-2",
                "custom_data": ""
              }
            ],
            "os_profile_linux_config": [
              {
                "disable_password_authentication": false,
                "ssh_keys": []
              }
            ],
            "os_profile_secrets": [],
            "os_profile_windows_config": [],
            "plan": [],
            "primary_network_interface_id": null,
            "proximity_placement_group_id": null,
            "resource_group_name": "my-resource-group",
            "storage_data_disk": [],
            "storage_image_reference": [
              {
                "id": "",
                "offer": "UbuntuServer",
                "publisher": "Canonical",
                "sku": "18.04-LTS",
                "version": "latest"
              }
            ],
            "storage_os_disk": [
              {
                "caching": "ReadWrite",
                "create_option": "FromImage",
                "disk_size_gb": 30,
                "image_uri": "",
                "managed_disk_id": "/subscriptions/a2df4b23-b997-4f91-bfd2-b75e9f7812d8/resourceGroups/my-resource-group/providers/Microsoft.Compute/disks/dbosdisk-2",
                "managed_disk_type": "Standard_LRS",
                "name": "dbosdisk-2",
                "os_type": "Linux",
                "vhd_uri": "",
                "write_accelerator_enabled": false
              }
            ],
            "tags": null,
            "timeouts": null,
            "vm_size": "Standard_B1s",
            "zones": null
          },
          "sensitive_attributes": [
            [
              {
                "type": "get_attr",
                "value": "os_profile"
              }
            ]
          ],
          "private": "eyJlMmJmYjczMC1lY2FhLTExZTYtOGY4OC0zNDM2M2JjN2M0YzAiOnsiY3JlYXRlIjozNjAwMDAwMDAwMDAwLCJkZWxldGUiOjM2MDAwMDAwMDAwMDAsInJlYWQiOjMwMDAwMDAwMDAwMCwidXBkYXRlIjozNjAwMDAwMDAwMDAwfX0=",
          "dependencies": [
            "azurerm_resource_group.my_resource_group",
            "module.network.azurerm_subnet.subnet",
            "module.network.azurerm_virtual_network.vnet",
            "module.vm.azurerm_network_interface.db_nic"
          ]
        }
      ]
    },
    {
      "module": "module.vm",
      "mode": "managed",
      "type": "azurerm_virtual_machine",
      "name": "web_vm",
      "provider": "provider[\"registry.terraform.io/hashicorp/azurerm\"]",
      "instances": [
        {
          "schema_version": 0,
          "attributes": {
            "additional_capabilities": [],
            "availability_set_id": null,
            "boot_diagnostics": [],
            "delete_data_disks_on_termination": false,
            "delete_os_disk_on_termination": false,
            "id": "/subscriptions/a2df4b23-b997-4f91-bfd2-b75e9f7812d8/resourceGroups/my-resource-group/providers/Microsoft.Compute/virtualMachines/web-vm",
            "identity": [],
            "license_type": null,
            "location": "norwayeast",
            "name": "web-vm",
            "network_interface_ids": [
              "/subscriptions/a2df4b23-b997-4f91-bfd2-b75e9f7812d8/resourceGroups/my-resource-group/providers/Microsoft.Network/networkInterfaces/web-nic"
            ],
            "os_profile": [
              {
                "admin_password": "",
                "admin_username": "admin123",
                "computer_name": "web-vm",
                "custom_data": ""
              }
            ],
            "os_profile_linux_config": [
              {
                "disable_password_authentication": false,
                "ssh_keys": []
              }
            ],
            "os_profile_secrets": [],
            "os_profile_windows_config": [],
            "plan": [],
            "primary_network_interface_id": null,
            "proximity_placement_group_id": null,
            "resource_group_name": "my-resource-group",
            "storage_data_disk": [],
            "storage_image_reference": [
              {
                "id": "",
                "offer": "UbuntuServer",
                "publisher": "Canonical",
                "sku": "18.04-LTS",
                "version": "latest"
              }
            ],
            "storage_os_disk": [
              {
                "caching": "ReadWrite",
                "create_option": "FromImage",
                "disk_size_gb": 30,
                "image_uri": "",
                "managed_disk_id": "/subscriptions/a2df4b23-b997-4f91-bfd2-b75e9f7812d8/resourceGroups/my-resource-group/providers/Microsoft.Compute/disks/webosdisk",
                "managed_disk_type": "Standard_LRS",
                "name": "webosdisk",
                "os_type": "Linux",
                "vhd_uri": "",
                "write_accelerator_enabled": false
              }
            ],
            "tags": null,
            "timeouts": null,
            "vm_size": "Standard_B1s",
            "zones": null
          },
          "sensitive_attributes": [
            [
              {
                "type": "get_attr",
                "value": "os_profile"
              }
            ]
          ],
          "private": "eyJlMmJmYjczMC1lY2FhLTExZTYtOGY4OC0zNDM2M2JjN2M0YzAiOnsiY3JlYXRlIjozNjAwMDAwMDAwMDAwLCJkZWxldGUiOjM2MDAwMDAwMDAwMDAsInJlYWQiOjMwMDAwMDAwMDAwMCwidXBkYXRlIjozNjAwMDAwMDAwMDAwfX0=",
          "dependencies": [
            "azurerm_resource_group.my_resource_group",
            "module.network.azurerm_subnet.subnet",
            "module.network.azurerm_virtual_network.vnet",
            "module.vm.azurerm_network_interface.web_nic",
            "module.vm.azurerm_public_ip.web_public_ip"
          ]
        }
      ]
    },
    {
      "module": "module.vm",
      "mode": "managed",
      "type": "azurerm_virtual_machine_extension",
      "name": "db_install",
      "provider": "provider[\"registry.terraform.io/hashicorp/azurerm\"]",
      "instances": [
        {
          "index_key": 0,
          "schema_version": 0,
          "attributes": {
            "auto_upgrade_minor_version": false,
            "automatic_upgrade_enabled": false,
            "failure_suppression_enabled": false,
            "id": "/subscriptions/a2df4b23-b997-4f91-bfd2-b75e9f7812d8/resourceGroups/my-resource-group/providers/Microsoft.Compute/virtualMachines/db-vm-1/extensions/mysql-setup-1",
            "name": "mysql-setup-1",
            "protected_settings": null,
            "protected_settings_from_key_vault": [],
            "provision_after_extensions": null,
            "publisher": "Microsoft.Azure.Extensions",
            "settings": "{\"script\":\"IyEvYmluL2Jhc2gKCiMgU2V0IERFQklBTl9GUk9OVEVORCB0byBub25pbnRlcmFjdGl2ZSB0byBwcmV2ZW50IHByb21wdHMgZHVyaW5nIGluc3RhbGxhdGlvbgpleHBvcnQgREVCSUFOX0ZST05URU5EPW5vbmludGVyYWN0aXZlCgojIERlZmluZSBNeVNRTCBSb290IFBhc3N3b3JkIGFuZCBBZG1pbiBVc2VybmFtZSAoQ2hhbmdlIHRoaXMgdG8gc29tZXRoaW5nIG1vcmUgc2VjdXJlKQpNWVNRTF9ST09UX1BBU1NXT1JEPSJyb290cGFzc3dvcmQiCk1ZU1FMX0FQUF9VU0VSPSJhcHB1c2VyIgpNWVNRTF9BUFBfUEFTU1dPUkQ9ImFwcHBhc3N3b3JkIgpNWVNRTF9EQj0iYXBwZGIiCkFETUlOX1VTRVJOQU1FPSJhZG1pbnVzZXIiICAjIFNldCB0aGlzIHRvIHRoZSBhY3R1YWwgYWRtaW4gdXNlcm5hbWUKCiMgRW5zdXJlIHRoZSBhZG1pbiB1c2VyIGhhcyBzdWRvIHByaXZpbGVnZXMKZWNobyAiQWRkaW5nICR7QURNSU5fVVNFUk5BTUV9IHRvIHRoZSBzdWRvIGdyb3VwLi4uIgp1c2VybW9kIC1hRyBzdWRvICR7QURNSU5fVVNFUk5BTUV9CgojIEZ1bmN0aW9uIHRvIGV4aXQgc2NyaXB0IG9uIGVycm9yCnNldCAtZQoKZWNobyAiVXBkYXRpbmcgcGFja2FnZXMgYW5kIGluc3RhbGxpbmcgTXlTUUwuLi4iCiMgVXBkYXRlIGFuZCBpbnN0YWxsIE15U1FMCnN1ZG8gYXB0LWdldCB1cGRhdGUgJiYgc3VkbyBhcHQtZ2V0IHVwZ3JhZGUgLXkKc3VkbyBhcHQtZ2V0IGluc3RhbGwgLXkgbXlzcWwtc2VydmVyCgplY2hvICJDb25maWd1cmluZyBNeVNRTCB0byBsaXN0ZW4gb24gYWxsIGludGVyZmFjZXMuLi4iCiMgU2V0IE15U1FMIHRvIGxpc3RlbiBvbiBhbGwgaW50ZXJmYWNlcyAoZm9yIGxvYWQtYmFsYW5jZWQgc2V0dXApCnN1ZG8gc2VkIC1pICJzL15iaW5kLWFkZHJlc3MuKi9iaW5kLWFkZHJlc3MgPSAwLjAuMC4wLyIgL2V0Yy9teXNxbC9teXNxbC5jb25mLmQvbXlzcWxkLmNuZgoKZWNobyAiQ29uZmlndXJpbmcgTXlTUUwgZm9yIHJlcGxpY2F0aW9uLi4uIgojIEVuYWJsZSBHVElELWJhc2VkIHJlcGxpY2F0aW9uCnN1ZG8gYmFzaCAtYyAiY2F0ID4+IC9ldGMvbXlzcWwvbXlzcWwuY29uZi5kL215c3FsZC5jbmYgPDxFT0wKW215c3FsZF0Kc2VydmVyLWlkID0gJChob3N0bmFtZSB8IHRyIC1jZCAnWzpkaWdpdDpdJykgICMgVW5pcXVlIHNlcnZlci1pZCBiYXNlZCBvbiBWTSBob3N0bmFtZSAoZW5zdXJlIGVhY2ggbm9kZSBoYXMgYSB1bmlxdWUgSUQpCmxvZy1iaW4gPSBteXNxbC1iaW4KYmlubG9nLWZvcm1hdCA9IFJPVwpndGlkLW1vZGUgPSBPTgplbmZvcmNlLWd0aWQtY29uc2lzdGVuY3kgPSBUUlVFCmxvZ19zbGF2ZV91cGRhdGVzID0gVFJVRQpyZXBsaWNhdGUtc2FtZS1zZXJ2ZXItaWQgPSBGQUxTRQpFT0wiCgplY2hvICJSZXN0YXJ0aW5nIE15U1FMIHNlcnZpY2UuLi4iCiMgUmVzdGFydCBNeVNRTCB0byBhcHBseSB0aGUgY29uZmlndXJhdGlvbgpzdWRvIHN5c3RlbWN0bCByZXN0YXJ0IG15c3FsCgplY2hvICJTZWN1cmluZyBNeVNRTCBpbnN0YWxsYXRpb24uLi4iCiMgU2VjdXJlIE15U1FMIGluc3RhbGxhdGlvbiAoc2V0dGluZyByb290IHBhc3N3b3JkLCByZW1vdmluZyBpbnNlY3VyZSBkZWZhdWx0IHNldHRpbmdzKQpzdWRvIG15c3FsIC11IHJvb3QgPDwtRU9GCiAgQUxURVIgVVNFUiAncm9vdCdAJ2xvY2FsaG9zdCcgSURFTlRJRklFRCBXSVRIICdteXNxbF9uYXRpdmVfcGFzc3dvcmQnIEJZICckTVlTUUxfUk9PVF9QQVNTV09SRCc7CiAgREVMRVRFIEZST00gbXlzcWwudXNlciBXSEVSRSBVc2VyPScnOwogIERST1AgREFUQUJBU0UgSUYgRVhJU1RTIHRlc3Q7CiAgRkxVU0ggUFJJVklMRUdFUzsKRU9GCgplY2hvICJDcmVhdGluZyBhcHBsaWNhdGlvbiBkYXRhYmFzZSBhbmQgdXNlci4uLiIKIyBDcmVhdGUgdGhlIGRhdGFiYXNlIGFuZCBhcHBsaWNhdGlvbiB1c2VyCnN1ZG8gbXlzcWwgLXUgcm9vdCAtcCRNWVNRTF9ST09UX1BBU1NXT1JEIDw8LUVPRgogIENSRUFURSBEQVRBQkFTRSBJRiBOT1QgRVhJU1RTICRNWVNRTF9EQjsKICBDUkVBVEUgVVNFUiBJRiBOT1QgRVhJU1RTICckTVlTUUxfQVBQX1VTRVInQCclJyBJREVOVElGSUVEIEJZICckTVlTUUxfQVBQX1BBU1NXT1JEJzsKICBHUkFOVCBBTEwgUFJJVklMRUdFUyBPTiAkTVlTUUxfREIuKiBUTyAnJE1ZU1FMX0FQUF9VU0VSJ0AnJSc7CiAgRkxVU0ggUFJJVklMRUdFUzsKRU9GCgplY2hvICJJbnNlcnRpbmcgc2FtcGxlIGRhdGEgaW50byBhcHBkYi4uLiIKIyBJbnNlcnQgc29tZSBzYW1wbGUgZGF0YQpzdWRvIG15c3FsIC11IHJvb3QgLXAkTVlTUUxfUk9PVF9QQVNTV09SRCA8PC1FT0YKICBVU0UgJE1ZU1FMX0RCOwogIENSRUFURSBUQUJMRSBJRiBOT1QgRVhJU1RTIGdyZWV0aW5ncyAoaWQgSU5UIEFVVE9fSU5DUkVNRU5UIFBSSU1BUlkgS0VZLCBtZXNzYWdlIFZBUkNIQVIoMjU1KSk7CiAgSU5TRVJUIElOVE8gZ3JlZXRpbmdzIChtZXNzYWdlKSBWQUxVRVMgKCdIZWxsbyBmcm9tIE15U1FMIScpOwpFT0YKCmVjaG8gIlNldHRpbmcgdXAgcmVwbGljYXRpb24uLi4iCgojIENoZWNrIGlmIHRoZSBob3N0bmFtZSBpcyB0aGUgZmlyc3Qgbm9kZSAoYWRqdXN0IHRvIHlvdXIgYWN0dWFsIGhvc3RuYW1lLCBmb3IgZXhhbXBsZTogZGItdm0tMSkKaWYgWyAiJChob3N0bmFtZSkiID09ICJkYi12bS0xIiBdOyB0aGVuCiAgICBlY2hvICJTZXR0aW5nIHVwIG1hc3RlciByZXBsaWNhdGlvbi4uLiIKCiAgICAjIFNldCB1cCByZXBsaWNhdGlvbiB1c2VyIG9uIG1hc3RlcgogICAgc3VkbyBteXNxbCAtdSByb290IC1wJE1ZU1FMX1JPT1RfUEFTU1dPUkQgPDwtRU9GCiAgICAgIEdSQU5UIFJFUExJQ0FUSU9OIFNMQVZFIE9OICouKiBUTyAncmVwbGljYXRpb25fdXNlcidAJyUnIElERU5USUZJRUQgQlkgJ3JlcGxpY2F0aW9uX3Bhc3N3b3JkJzsKICAgICAgRkxVU0ggUFJJVklMRUdFUzsKRU9GCgogICAgZWNobyAiTWFzdGVyIHJlcGxpY2F0aW9uIHVzZXIgY3JlYXRlZC4gVG8gc2V0IHVwIHRoZSBzbGF2ZSwgdXNlIHRoZSBmb2xsb3dpbmcgY29tbWFuZHM6IgogICAgZWNobyAiICBPbiB0aGUgc2xhdmUgbm9kZSwgcnVuOiIKICAgIGVjaG8gIiAgICBteXNxbCAtdSByb290IC1wJE1ZU1FMX1JPT1RfUEFTU1dPUkQgLWUgXCJDSEFOR0UgTUFTVEVSIFRPIE1BU1RFUl9IT1NUPSc8cmVwbGljYXRpb25fbWFzdGVyX2lwPicsIE1BU1RFUl9VU0VSPSdyZXBsaWNhdGlvbl91c2VyJywgTUFTVEVSX1BBU1NXT1JEPSdyZXBsaWNhdGlvbl9wYXNzd29yZCcsIE1BU1RFUl9BVVRPX1BPU0lUSU9OID0gMTtcIiIKICAgIGVjaG8gIiAgICBteXNxbCAtdSByb290IC1wJE1ZU1FMX1JPT1RfUEFTU1dPUkQgLWUgXCJTVEFSVCBTTEFWRTtcIiIKZWxzZQogICAgZWNobyAiVGhpcyBpcyBub3QgdGhlIG1hc3RlciBub2RlLiBTa2lwcGluZyBtYXN0ZXIgcmVwbGljYXRpb24gc2V0dXAuIgpmaQoKZWNobyAiQ2hlY2tpbmcgcmVwbGljYXRpb24gc3RhdHVzLi4uIgojIENoZWNrIHJlcGxpY2F0aW9uIHN0YXR1cyAocnVuIG9uIHNsYXZlIG5vZGVzKQpzdWRvIG15c3FsIC11IHJvb3QgLXAkTVlTUUxfUk9PVF9QQVNTV09SRCAtZSAiU0hPVyBTTEFWRSBTVEFUVVNcRyIgfHwgZWNobyAiUmVwbGljYXRpb24gc3RhdHVzIGNoZWNrIGZhaWxlZCAobGlrZWx5IG5vdCBhIHNsYXZlIG5vZGUpLiIKCmVjaG8gIk15U1FMIHNldHVwIGNvbXBsZXRlZCBzdWNjZXNzZnVsbHkuIgo=\"}",
            "tags": null,
            "timeouts": null,
            "type": "CustomScript",
            "type_handler_version": "2.1",
            "virtual_machine_id": "/subscriptions/a2df4b23-b997-4f91-bfd2-b75e9f7812d8/resourceGroups/my-resource-group/providers/Microsoft.Compute/virtualMachines/db-vm-1"
          },
          "sensitive_attributes": [
            [
              {
                "type": "get_attr",
                "value": "protected_settings"
              }
            ]
          ],
          "private": "eyJlMmJmYjczMC1lY2FhLTExZTYtOGY4OC0zNDM2M2JjN2M0YzAiOnsiY3JlYXRlIjoxODAwMDAwMDAwMDAwLCJkZWxldGUiOjE4MDAwMDAwMDAwMDAsInJlYWQiOjMwMDAwMDAwMDAwMCwidXBkYXRlIjoxODAwMDAwMDAwMDAwfX0=",
          "dependencies": [
            "azurerm_resource_group.my_resource_group",
            "module.network.azurerm_subnet.subnet",
            "module.network.azurerm_virtual_network.vnet",
            "module.vm.azurerm_network_interface.db_nic",
            "module.vm.azurerm_virtual_machine.db_vm"
          ]
        },
        {
          "index_key": 1,
          "schema_version": 0,
          "attributes": {
            "auto_upgrade_minor_version": false,
            "automatic_upgrade_enabled": false,
            "failure_suppression_enabled": false,
            "id": "/subscriptions/a2df4b23-b997-4f91-bfd2-b75e9f7812d8/resourceGroups/my-resource-group/providers/Microsoft.Compute/virtualMachines/db-vm-2/extensions/mysql-setup-2",
            "name": "mysql-setup-2",
            "protected_settings": null,
            "protected_settings_from_key_vault": [],
            "provision_after_extensions": null,
            "publisher": "Microsoft.Azure.Extensions",
            "settings": "{\"script\":\"IyEvYmluL2Jhc2gKCiMgU2V0IERFQklBTl9GUk9OVEVORCB0byBub25pbnRlcmFjdGl2ZSB0byBwcmV2ZW50IHByb21wdHMgZHVyaW5nIGluc3RhbGxhdGlvbgpleHBvcnQgREVCSUFOX0ZST05URU5EPW5vbmludGVyYWN0aXZlCgojIERlZmluZSBNeVNRTCBSb290IFBhc3N3b3JkIGFuZCBBZG1pbiBVc2VybmFtZSAoQ2hhbmdlIHRoaXMgdG8gc29tZXRoaW5nIG1vcmUgc2VjdXJlKQpNWVNRTF9ST09UX1BBU1NXT1JEPSJyb290cGFzc3dvcmQiCk1ZU1FMX0FQUF9VU0VSPSJhcHB1c2VyIgpNWVNRTF9BUFBfUEFTU1dPUkQ9ImFwcHBhc3N3b3JkIgpNWVNRTF9EQj0iYXBwZGIiCkFETUlOX1VTRVJOQU1FPSJhZG1pbnVzZXIiICAjIFNldCB0aGlzIHRvIHRoZSBhY3R1YWwgYWRtaW4gdXNlcm5hbWUKCiMgRW5zdXJlIHRoZSBhZG1pbiB1c2VyIGhhcyBzdWRvIHByaXZpbGVnZXMKZWNobyAiQWRkaW5nICR7QURNSU5fVVNFUk5BTUV9IHRvIHRoZSBzdWRvIGdyb3VwLi4uIgp1c2VybW9kIC1hRyBzdWRvICR7QURNSU5fVVNFUk5BTUV9CgojIEZ1bmN0aW9uIHRvIGV4aXQgc2NyaXB0IG9uIGVycm9yCnNldCAtZQoKZWNobyAiVXBkYXRpbmcgcGFja2FnZXMgYW5kIGluc3RhbGxpbmcgTXlTUUwuLi4iCiMgVXBkYXRlIGFuZCBpbnN0YWxsIE15U1FMCnN1ZG8gYXB0LWdldCB1cGRhdGUgJiYgc3VkbyBhcHQtZ2V0IHVwZ3JhZGUgLXkKc3VkbyBhcHQtZ2V0IGluc3RhbGwgLXkgbXlzcWwtc2VydmVyCgplY2hvICJDb25maWd1cmluZyBNeVNRTCB0byBsaXN0ZW4gb24gYWxsIGludGVyZmFjZXMuLi4iCiMgU2V0IE15U1FMIHRvIGxpc3RlbiBvbiBhbGwgaW50ZXJmYWNlcyAoZm9yIGxvYWQtYmFsYW5jZWQgc2V0dXApCnN1ZG8gc2VkIC1pICJzL15iaW5kLWFkZHJlc3MuKi9iaW5kLWFkZHJlc3MgPSAwLjAuMC4wLyIgL2V0Yy9teXNxbC9teXNxbC5jb25mLmQvbXlzcWxkLmNuZgoKZWNobyAiQ29uZmlndXJpbmcgTXlTUUwgZm9yIHJlcGxpY2F0aW9uLi4uIgojIEVuYWJsZSBHVElELWJhc2VkIHJlcGxpY2F0aW9uCnN1ZG8gYmFzaCAtYyAiY2F0ID4+IC9ldGMvbXlzcWwvbXlzcWwuY29uZi5kL215c3FsZC5jbmYgPDxFT0wKW215c3FsZF0Kc2VydmVyLWlkID0gJChob3N0bmFtZSB8IHRyIC1jZCAnWzpkaWdpdDpdJykgICMgVW5pcXVlIHNlcnZlci1pZCBiYXNlZCBvbiBWTSBob3N0bmFtZSAoZW5zdXJlIGVhY2ggbm9kZSBoYXMgYSB1bmlxdWUgSUQpCmxvZy1iaW4gPSBteXNxbC1iaW4KYmlubG9nLWZvcm1hdCA9IFJPVwpndGlkLW1vZGUgPSBPTgplbmZvcmNlLWd0aWQtY29uc2lzdGVuY3kgPSBUUlVFCmxvZ19zbGF2ZV91cGRhdGVzID0gVFJVRQpyZXBsaWNhdGUtc2FtZS1zZXJ2ZXItaWQgPSBGQUxTRQpFT0wiCgplY2hvICJSZXN0YXJ0aW5nIE15U1FMIHNlcnZpY2UuLi4iCiMgUmVzdGFydCBNeVNRTCB0byBhcHBseSB0aGUgY29uZmlndXJhdGlvbgpzdWRvIHN5c3RlbWN0bCByZXN0YXJ0IG15c3FsCgplY2hvICJTZWN1cmluZyBNeVNRTCBpbnN0YWxsYXRpb24uLi4iCiMgU2VjdXJlIE15U1FMIGluc3RhbGxhdGlvbiAoc2V0dGluZyByb290IHBhc3N3b3JkLCByZW1vdmluZyBpbnNlY3VyZSBkZWZhdWx0IHNldHRpbmdzKQpzdWRvIG15c3FsIC11IHJvb3QgPDwtRU9GCiAgQUxURVIgVVNFUiAncm9vdCdAJ2xvY2FsaG9zdCcgSURFTlRJRklFRCBXSVRIICdteXNxbF9uYXRpdmVfcGFzc3dvcmQnIEJZICckTVlTUUxfUk9PVF9QQVNTV09SRCc7CiAgREVMRVRFIEZST00gbXlzcWwudXNlciBXSEVSRSBVc2VyPScnOwogIERST1AgREFUQUJBU0UgSUYgRVhJU1RTIHRlc3Q7CiAgRkxVU0ggUFJJVklMRUdFUzsKRU9GCgplY2hvICJDcmVhdGluZyBhcHBsaWNhdGlvbiBkYXRhYmFzZSBhbmQgdXNlci4uLiIKIyBDcmVhdGUgdGhlIGRhdGFiYXNlIGFuZCBhcHBsaWNhdGlvbiB1c2VyCnN1ZG8gbXlzcWwgLXUgcm9vdCAtcCRNWVNRTF9ST09UX1BBU1NXT1JEIDw8LUVPRgogIENSRUFURSBEQVRBQkFTRSBJRiBOT1QgRVhJU1RTICRNWVNRTF9EQjsKICBDUkVBVEUgVVNFUiBJRiBOT1QgRVhJU1RTICckTVlTUUxfQVBQX1VTRVInQCclJyBJREVOVElGSUVEIEJZICckTVlTUUxfQVBQX1BBU1NXT1JEJzsKICBHUkFOVCBBTEwgUFJJVklMRUdFUyBPTiAkTVlTUUxfREIuKiBUTyAnJE1ZU1FMX0FQUF9VU0VSJ0AnJSc7CiAgRkxVU0ggUFJJVklMRUdFUzsKRU9GCgplY2hvICJJbnNlcnRpbmcgc2FtcGxlIGRhdGEgaW50byBhcHBkYi4uLiIKIyBJbnNlcnQgc29tZSBzYW1wbGUgZGF0YQpzdWRvIG15c3FsIC11IHJvb3QgLXAkTVlTUUxfUk9PVF9QQVNTV09SRCA8PC1FT0YKICBVU0UgJE1ZU1FMX0RCOwogIENSRUFURSBUQUJMRSBJRiBOT1QgRVhJU1RTIGdyZWV0aW5ncyAoaWQgSU5UIEFVVE9fSU5DUkVNRU5UIFBSSU1BUlkgS0VZLCBtZXNzYWdlIFZBUkNIQVIoMjU1KSk7CiAgSU5TRVJUIElOVE8gZ3JlZXRpbmdzIChtZXNzYWdlKSBWQUxVRVMgKCdIZWxsbyBmcm9tIE15U1FMIScpOwpFT0YKCmVjaG8gIlNldHRpbmcgdXAgcmVwbGljYXRpb24uLi4iCgojIENoZWNrIGlmIHRoZSBob3N0bmFtZSBpcyB0aGUgZmlyc3Qgbm9kZSAoYWRqdXN0IHRvIHlvdXIgYWN0dWFsIGhvc3RuYW1lLCBmb3IgZXhhbXBsZTogZGItdm0tMSkKaWYgWyAiJChob3N0bmFtZSkiID09ICJkYi12bS0xIiBdOyB0aGVuCiAgICBlY2hvICJTZXR0aW5nIHVwIG1hc3RlciByZXBsaWNhdGlvbi4uLiIKCiAgICAjIFNldCB1cCByZXBsaWNhdGlvbiB1c2VyIG9uIG1hc3RlcgogICAgc3VkbyBteXNxbCAtdSByb290IC1wJE1ZU1FMX1JPT1RfUEFTU1dPUkQgPDwtRU9GCiAgICAgIEdSQU5UIFJFUExJQ0FUSU9OIFNMQVZFIE9OICouKiBUTyAncmVwbGljYXRpb25fdXNlcidAJyUnIElERU5USUZJRUQgQlkgJ3JlcGxpY2F0aW9uX3Bhc3N3b3JkJzsKICAgICAgRkxVU0ggUFJJVklMRUdFUzsKRU9GCgogICAgZWNobyAiTWFzdGVyIHJlcGxpY2F0aW9uIHVzZXIgY3JlYXRlZC4gVG8gc2V0IHVwIHRoZSBzbGF2ZSwgdXNlIHRoZSBmb2xsb3dpbmcgY29tbWFuZHM6IgogICAgZWNobyAiICBPbiB0aGUgc2xhdmUgbm9kZSwgcnVuOiIKICAgIGVjaG8gIiAgICBteXNxbCAtdSByb290IC1wJE1ZU1FMX1JPT1RfUEFTU1dPUkQgLWUgXCJDSEFOR0UgTUFTVEVSIFRPIE1BU1RFUl9IT1NUPSc8cmVwbGljYXRpb25fbWFzdGVyX2lwPicsIE1BU1RFUl9VU0VSPSdyZXBsaWNhdGlvbl91c2VyJywgTUFTVEVSX1BBU1NXT1JEPSdyZXBsaWNhdGlvbl9wYXNzd29yZCcsIE1BU1RFUl9BVVRPX1BPU0lUSU9OID0gMTtcIiIKICAgIGVjaG8gIiAgICBteXNxbCAtdSByb290IC1wJE1ZU1FMX1JPT1RfUEFTU1dPUkQgLWUgXCJTVEFSVCBTTEFWRTtcIiIKZWxzZQogICAgZWNobyAiVGhpcyBpcyBub3QgdGhlIG1hc3RlciBub2RlLiBTa2lwcGluZyBtYXN0ZXIgcmVwbGljYXRpb24gc2V0dXAuIgpmaQoKZWNobyAiQ2hlY2tpbmcgcmVwbGljYXRpb24gc3RhdHVzLi4uIgojIENoZWNrIHJlcGxpY2F0aW9uIHN0YXR1cyAocnVuIG9uIHNsYXZlIG5vZGVzKQpzdWRvIG15c3FsIC11IHJvb3QgLXAkTVlTUUxfUk9PVF9QQVNTV09SRCAtZSAiU0hPVyBTTEFWRSBTVEFUVVNcRyIgfHwgZWNobyAiUmVwbGljYXRpb24gc3RhdHVzIGNoZWNrIGZhaWxlZCAobGlrZWx5IG5vdCBhIHNsYXZlIG5vZGUpLiIKCmVjaG8gIk15U1FMIHNldHVwIGNvbXBsZXRlZCBzdWNjZXNzZnVsbHkuIgo=\"}",
            "tags": null,
            "timeouts": null,
            "type": "CustomScript",
            "type_handler_version": "2.1",
            "virtual_machine_id": "/subscriptions/a2df4b23-b997-4f91-bfd2-b75e9f7812d8/resourceGroups/my-resource-group/providers/Microsoft.Compute/virtualMachines/db-vm-2"
          },
          "sensitive_attributes": [
            [
              {
                "type": "get_attr",
                "value": "protected_settings"
              }
            ]
          ],
          "private": "eyJlMmJmYjczMC1lY2FhLTExZTYtOGY4OC0zNDM2M2JjN2M0YzAiOnsiY3JlYXRlIjoxODAwMDAwMDAwMDAwLCJkZWxldGUiOjE4MDAwMDAwMDAwMDAsInJlYWQiOjMwMDAwMDAwMDAwMCwidXBkYXRlIjoxODAwMDAwMDAwMDAwfX0=",
          "dependencies": [
            "azurerm_resource_group.my_resource_group",
            "module.network.azurerm_subnet.subnet",
            "module.network.azurerm_virtual_network.vnet",
            "module.vm.azurerm_network_interface.db_nic",
            "module.vm.azurerm_virtual_machine.db_vm"
          ]
        }
      ]
    },
    {
      "module": "module.vm",
      "mode": "managed",
      "type": "azurerm_virtual_machine_extension",
      "name": "web_install",
      "provider": "provider[\"registry.terraform.io/hashicorp/azurerm\"]",
      "instances": [
        {
          "schema_version": 0,
          "attributes": {
            "auto_upgrade_minor_version": false,
            "automatic_upgrade_enabled": false,
            "failure_suppression_enabled": false,
            "id": "/subscriptions/a2df4b23-b997-4f91-bfd2-b75e9f7812d8/resourceGroups/my-resource-group/providers/Microsoft.Compute/virtualMachines/web-vm/extensions/install-web-tools",
            "name": "install-web-tools",
            "protected_settings": null,
            "protected_settings_from_key_vault": [],
            "provision_after_extensions": null,
            "publisher": "Microsoft.Azure.Extensions",
            "settings": "{\"script\":\"IyEvYmluL2Jhc2gKZXhwb3J0IERFQklBTl9GUk9OVEVORD1ub25pbnRlcmFjdGl2ZQoKIyBPcHBkYXRlcmluZyBvZyBpbnN0YWxsYXNqb24gYXYgbsO4ZHZlbmRpZ2UgcGFra2VyIChBcGFjaGUsIFBIUCwgTXlTUUwta2xpZW50KQplY2hvICJPcHBkYXRlcmVyIHBha2tlciBvZyBpbnN0YWxsZXJlciBBcGFjaGUsIFBIUCBvZyBNeVNRTC1rbGllbnQuLi4iCmFwdC1nZXQgdXBkYXRlICYmIGFwdC1nZXQgdXBncmFkZSAteQphcHQtZ2V0IGluc3RhbGwgLXkgYXBhY2hlMiBwaHAgbGliYXBhY2hlMi1tb2QtcGhwIHBocC1teXNxbCBteXNxbC1jbGllbnQKCiMgQWt0aXZlciBBcGFjaGUyIGZvciBvcHBzdGFydCB2ZWQgYm9vdAplY2hvICJBa3RpdmVyZXIgQXBhY2hlMiBmb3Igb3Bwc3RhcnQgdmVkIGJvb3QuLi4iCnN5c3RlbWN0bCBlbmFibGUgYXBhY2hlMgoKIyBTdGFydCBBcGFjaGUyLXRqZW5lc3RlbgplY2hvICJTdGFydGVyIEFwYWNoZTItdGplbmVzdGVuLi4uIgpzeXN0ZW1jdGwgc3RhcnQgYXBhY2hlMgoKIyBLb25maWd1cmVyZXIgQXBhY2hlIGZvciBQSFAKZWNobyAiS29uZmlndXJlcmVyIEFwYWNoZSBmb3IgUEhQLi4uIgpjYXQgPDwnRU9MJyA+IC92YXIvd3d3L2h0bWwvZGJfc3RhdHVzLnBocAo8P3BocAokZGJfdm1zID0gWyJkYi12bS0xIiwgImRiLXZtLTIiXTsgIC8vIEVyc3RhdHQgbWVkIGZha3Rpc2tlIERCIFZNLUlQLWVyIGVsbGVyIEROUy1uYXZuCiR1c2VybmFtZSA9ICJhcHB1c2VyIjsKJHBhc3N3b3JkID0gImFwcHBhc3N3b3JkIjsKJGRibmFtZSA9ICJhcHBkYiI7CgokY29ubmVjdGVkX2RiID0gbnVsbDsKJHN0YXR1c19kZXRhaWxzID0gW107CiRncmVldGluZ19tZXNzYWdlID0gIkluZ2VuIG1lbGRpbmcgZnVubmV0LiI7CiRmYWlsb3Zlcl9zdGF0dXMgPSAiQWxsZSBkYXRhYmFzZXRpbGtvYmxpbmdlciBmZWlsZXQuIjsKCi8vIFByw7h2IMOlIGtvYmxlIHRpbCBodmVyIGRhdGFiYXNlCmZvcmVhY2ggKCRkYl92bXMgYXMgJGRiX3ZtKSB7CiAgICAkY29ubiA9IEBuZXcgbXlzcWxpKCRkYl92bSwgJHVzZXJuYW1lLCAkcGFzc3dvcmQsICRkYm5hbWUpOwogICAgaWYgKCRjb25uLT5jb25uZWN0X2Vycm9yKSB7CiAgICAgICAgLy8gTGVnZyB0aWwgc3RhdHVzIGZvciBmZWlsZXQgdGlsa29ibGluZwogICAgICAgICRzdGF0dXNfZGV0YWlsc1tdID0gWwogICAgICAgICAgICAiZGIiID0+ICRkYl92bSwKICAgICAgICAgICAgInN0YXR1cyIgPT4gIkZlaWwiLAogICAgICAgICAgICAibWVzc2FnZSIgPT4gJGNvbm4tPmNvbm5lY3RfZXJyb3IKICAgICAgICBdOwogICAgfSBlbHNlIHsKICAgICAgICAvLyBMZWdnIHRpbCBzdGF0dXMgZm9yIHN1a3Nlc3NmdWxsIHRpbGtvYmxpbmcKICAgICAgICAkc3RhdHVzX2RldGFpbHNbXSA9IFsKICAgICAgICAgICAgImRiIiA9PiAkZGJfdm0sCiAgICAgICAgICAgICJzdGF0dXMiID0+ICJTdWtzZXNzIiwKICAgICAgICAgICAgIm1lc3NhZ2UiID0+ICJUaWxrb2JsZXQiCiAgICAgICAgXTsKCiAgICAgICAgLy8gU2V0dCBvcHAgdGlsa29ibGV0IGRhdGFiYXNlIG9nIGhlbnRpbmcgYXYgbWVsZGluZwogICAgICAgIGlmICghJGNvbm5lY3RlZF9kYikgewogICAgICAgICAgICAkY29ubmVjdGVkX2RiID0gJGRiX3ZtOwogICAgICAgICAgICAkZmFpbG92ZXJfc3RhdHVzID0gKCRkYl92bSA9PSAkZGJfdm1zWzBdKSA/ICJQcmltw6ZyIERCIHRpbGtvYmxldC4iIDogIkZhaWxvdmVyIERCIGFrdGl2ZXJ0LiI7CiAgICAgICAgICAgIAogICAgICAgICAgICAvLyBIZW50IG1lbGRpbmcgZnJhIGRhdGFiYXNlbgogICAgICAgICAgICAkcmVzdWx0ID0gJGNvbm4tPnF1ZXJ5KCJTRUxFQ1QgbWVzc2FnZSBGUk9NIGdyZWV0aW5ncyBMSU1JVCAxIik7CiAgICAgICAgICAgIGlmICgkcmVzdWx0ICYmICRyZXN1bHQtPm51bV9yb3dzID4gMCkgewogICAgICAgICAgICAgICAgJGdyZWV0aW5nX21lc3NhZ2UgPSAkcmVzdWx0LT5mZXRjaF9hc3NvYygpWydtZXNzYWdlJ107CiAgICAgICAgICAgIH0KICAgICAgICB9CiAgICAgICAgJGNvbm4tPmNsb3NlKCk7CiAgICB9Cn0KPz4KCjwhRE9DVFlQRSBodG1sPgo8aHRtbCBsYW5nPSJubyI+CjxoZWFkPgogICAgPG1ldGEgY2hhcnNldD0iVVRGLTgiPgogICAgPG1ldGEgbmFtZT0idmlld3BvcnQiIGNvbnRlbnQ9IndpZHRoPWRldmljZS13aWR0aCwgaW5pdGlhbC1zY2FsZT0xLjAiPgogICAgPHRpdGxlPkRhdGFiYXNlc3RhdHVzPC90aXRsZT4KICAgIDxzdHlsZT4KICAgICAgICBib2R5IHsgZm9udC1mYW1pbHk6IEFyaWFsLCBzYW5zLXNlcmlmOyBtYXJnaW46IDA7IHBhZGRpbmc6IDIwcHg7IGJhY2tncm91bmQ6ICNmOWY5Zjk7IH0KICAgICAgICBoMSB7IGNvbG9yOiAjMzMzOyB9CiAgICAgICAgdGFibGUgeyB3aWR0aDogMTAwJTsgYm9yZGVyLWNvbGxhcHNlOiBjb2xsYXBzZTsgbWFyZ2luOiAyMHB4IDA7IH0KICAgICAgICB0YWJsZSwgdGgsIHRkIHsgYm9yZGVyOiAxcHggc29saWQgI2RkZDsgfQogICAgICAgIHRoLCB0ZCB7IHRleHQtYWxpZ246IGxlZnQ7IHBhZGRpbmc6IDhweDsgfQogICAgICAgIHRoIHsgYmFja2dyb3VuZC1jb2xvcjogI2Y0ZjRmNDsgfQogICAgICAgIC5zdWNjZXNzIHsgY29sb3I6IGdyZWVuOyB9CiAgICAgICAgLmZhaWwgeyBjb2xvcjogcmVkOyB9CiAgICAgICAgZm9vdGVyIHsgbWFyZ2luLXRvcDogMjBweDsgdGV4dC1hbGlnbjogY2VudGVyOyBmb250LXNpemU6IDE0cHg7IGNvbG9yOiAjNjY2OyB9CiAgICA8L3N0eWxlPgo8L2hlYWQ+Cjxib2R5PgogICAgPGgxPlN0YXR1cyBmb3IgRGF0YWJhc2V0aWxrb2JsaW5nPC9oMT4KICAgIDxwPjxzdHJvbmc+VGlsa29ibGV0IGRhdGFiYXNlOjwvc3Ryb25nPiA8P3BocCBlY2hvICRjb25uZWN0ZWRfZGIgPzogIkluZ2VuIjsgPz48L3A+CiAgICA8cD48c3Ryb25nPlN0YXR1cyBmb3IgRmFpbG92ZXI6PC9zdHJvbmc+IDw/cGhwIGVjaG8gJGZhaWxvdmVyX3N0YXR1czsgPz48L3A+CiAgICAKICAgIDxoMj5UaWxrb2JsaW5nc2ZvcnPDuGs6PC9oMj4KICAgIDx0YWJsZT4KICAgICAgICA8dGhlYWQ+CiAgICAgICAgICAgIDx0cj4KICAgICAgICAgICAgICAgIDx0aD5EYXRhYmFzZSBWTTwvdGg+CiAgICAgICAgICAgICAgICA8dGg+U3RhdHVzPC90aD4KICAgICAgICAgICAgICAgIDx0aD5NZWxkaW5nPC90aD4KICAgICAgICAgICAgPC90cj4KICAgICAgICA8L3RoZWFkPgogICAgICAgIDx0Ym9keT4KICAgICAgICAgICAgPD9waHAgZm9yZWFjaCAoJHN0YXR1c19kZXRhaWxzIGFzICRkZXRhaWwpOiA/PgogICAgICAgICAgICAgICAgPHRyPgogICAgICAgICAgICAgICAgICAgIDx0ZD48P3BocCBlY2hvICRkZXRhaWxbJ2RiJ107ID8+PC90ZD4KICAgICAgICAgICAgICAgICAgICA8dGQgY2xhc3M9Ijw/cGhwIGVjaG8gc3RydG9sb3dlcigkZGV0YWlsWydzdGF0dXMnXSk7ID8+Ij48P3BocCBlY2hvICRkZXRhaWxbJ3N0YXR1cyddOyA/PjwvdGQ+CiAgICAgICAgICAgICAgICAgICAgPHRkPjw/cGhwIGVjaG8gJGRldGFpbFsnbWVzc2FnZSddOyA/PjwvdGQ+CiAgICAgICAgICAgICAgICA8L3RyPgogICAgICAgICAgICA8P3BocCBlbmRmb3JlYWNoOyA/PgogICAgICAgIDwvdGJvZHk+CiAgICA8L3RhYmxlPgoKICAgIDxoMj5IaWxzZW4gZnJhIGRhdGFiYXNlbjo8L2gyPgogICAgPHA+PD9waHAgZWNobyAkZ3JlZXRpbmdfbWVzc2FnZTsgPz48L3A+CgogICAgPGZvb3Rlcj4KICAgICAgICBMYWdldCBhdiBUb3JiZW4gWnVja2VyCiAgICA8L2Zvb3Rlcj4KPC9ib2R5Pgo8L2h0bWw+CkVPTAoKIyBTdGFydCBBcGFjaGUgcMOlIG55dHQgZm9yIMOlIGxhc3RlIFBIUC1pbm5ob2xkCmVjaG8gIlN0YXJ0ZXIgQXBhY2hlIHDDpSBueXR0IGZvciDDpSBsYXN0ZSBvcHBkYXRlcmluZ2VyLi4uIgpzeXN0ZW1jdGwgcmVzdGFydCBhcGFjaGUyCgojIFNrcml2IHV0IElQLWFkcmVzc2VuIHRpbCBzZXJ2ZXJlbgplY2hvICJXZWJzaWRlbiBlciB0aWxnamVuZ2VsaWcgcMOlOiBodHRwOi8vJChob3N0bmFtZSAtSSB8IGF3ayAne3ByaW50ICQxfScpL2RiX3N0YXR1cy5waHAiCg==\"}",
            "tags": null,
            "timeouts": null,
            "type": "CustomScript",
            "type_handler_version": "2.1",
            "virtual_machine_id": "/subscriptions/a2df4b23-b997-4f91-bfd2-b75e9f7812d8/resourceGroups/my-resource-group/providers/Microsoft.Compute/virtualMachines/web-vm"
          },
          "sensitive_attributes": [
            [
              {
                "type": "get_attr",
                "value": "protected_settings"
              }
            ]
          ],
          "private": "eyJlMmJmYjczMC1lY2FhLTExZTYtOGY4OC0zNDM2M2JjN2M0YzAiOnsiY3JlYXRlIjoxODAwMDAwMDAwMDAwLCJkZWxldGUiOjE4MDAwMDAwMDAwMDAsInJlYWQiOjMwMDAwMDAwMDAwMCwidXBkYXRlIjoxODAwMDAwMDAwMDAwfX0=",
          "dependencies": [
            "azurerm_resource_group.my_resource_group",
            "module.network.azurerm_subnet.subnet",
            "module.network.azurerm_virtual_network.vnet",
            "module.vm.azurerm_network_interface.web_nic",
            "module.vm.azurerm_public_ip.web_public_ip",
            "module.vm.azurerm_virtual_machine.web_vm"
          ]
        }
      ]
    }
  ],
  "check_results": null
}
