{
  "version": 4,
  "terraform_version": "1.9.8",
  "serial": 116,
  "lineage": "5544fefc-8979-1996-dff4-96370c820cca",
  "outputs": {},
  "resources": [
    {
      "mode": "managed",
      "type": "azurerm_resource_group",
      "name": "my_resource_group",
      "provider": "provider[\"registry.terraform.io/hashicorp/azurerm\"]",
      "instances": [
        {
          "schema_version": 0,
          "attributes": {
            "id": "/subscriptions/a2df4b23-b997-4f91-bfd2-b75e9f7812d8/resourceGroups/my-resource-group",
            "location": "norwayeast",
            "managed_by": "",
            "name": "my-resource-group",
            "tags": null,
            "timeouts": null
          },
          "sensitive_attributes": [],
          "private": "eyJlMmJmYjczMC1lY2FhLTExZTYtOGY4OC0zNDM2M2JjN2M0YzAiOnsiY3JlYXRlIjo1NDAwMDAwMDAwMDAwLCJkZWxldGUiOjU0MDAwMDAwMDAwMDAsInJlYWQiOjMwMDAwMDAwMDAwMCwidXBkYXRlIjo1NDAwMDAwMDAwMDAwfX0="
        }
      ]
    },
    {
      "module": "module.load_balancer",
      "mode": "managed",
      "type": "azurerm_lb",
      "name": "db_lb",
      "provider": "provider[\"registry.terraform.io/hashicorp/azurerm\"]",
      "instances": [
        {
          "schema_version": 0,
          "attributes": {
            "edge_zone": "",
            "frontend_ip_configuration": [
              {
                "gateway_load_balancer_frontend_ip_configuration_id": "",
                "id": "/subscriptions/a2df4b23-b997-4f91-bfd2-b75e9f7812d8/resourceGroups/my-resource-group/providers/Microsoft.Network/loadBalancers/db-load-balancer/frontendIPConfigurations/frontend-ip-db",
                "inbound_nat_rules": [],
                "load_balancer_rules": [],
                "name": "frontend-ip-db",
                "outbound_rules": [],
                "private_ip_address": "",
                "private_ip_address_allocation": "Dynamic",
                "private_ip_address_version": "",
                "public_ip_address_id": "/subscriptions/a2df4b23-b997-4f91-bfd2-b75e9f7812d8/resourceGroups/my-resource-group/providers/Microsoft.Network/publicIPAddresses/db-lb-public-ip",
                "public_ip_prefix_id": "",
                "subnet_id": "",
                "zones": null
              }
            ],
            "id": "/subscriptions/a2df4b23-b997-4f91-bfd2-b75e9f7812d8/resourceGroups/my-resource-group/providers/Microsoft.Network/loadBalancers/db-load-balancer",
            "location": "norwayeast",
            "name": "db-load-balancer",
            "private_ip_address": "",
            "private_ip_addresses": [],
            "resource_group_name": "my-resource-group",
            "sku": "Standard",
            "sku_tier": "Regional",
            "tags": null,
            "timeouts": null
          },
          "sensitive_attributes": [],
          "private": "eyJlMmJmYjczMC1lY2FhLTExZTYtOGY4OC0zNDM2M2JjN2M0YzAiOnsiY3JlYXRlIjoxODAwMDAwMDAwMDAwLCJkZWxldGUiOjE4MDAwMDAwMDAwMDAsInJlYWQiOjMwMDAwMDAwMDAwMCwidXBkYXRlIjoxODAwMDAwMDAwMDAwfX0=",
          "dependencies": [
            "azurerm_resource_group.my_resource_group",
            "module.load_balancer.azurerm_public_ip.db_public_ip"
          ]
        }
      ]
    },
    {
      "module": "module.load_balancer",
      "mode": "managed",
      "type": "azurerm_lb_backend_address_pool",
      "name": "db_backend_pool",
      "provider": "provider[\"registry.terraform.io/hashicorp/azurerm\"]",
      "instances": [
        {
          "schema_version": 0,
          "attributes": {
            "backend_ip_configurations": [],
            "id": "/subscriptions/a2df4b23-b997-4f91-bfd2-b75e9f7812d8/resourceGroups/my-resource-group/providers/Microsoft.Network/loadBalancers/db-load-balancer/backendAddressPools/db-backend-pool",
            "inbound_nat_rules": [],
            "load_balancing_rules": [],
            "loadbalancer_id": "/subscriptions/a2df4b23-b997-4f91-bfd2-b75e9f7812d8/resourceGroups/my-resource-group/providers/Microsoft.Network/loadBalancers/db-load-balancer",
            "name": "db-backend-pool",
            "outbound_rules": [],
            "synchronous_mode": "",
            "timeouts": null,
            "tunnel_interface": [],
            "virtual_network_id": ""
          },
          "sensitive_attributes": [],
          "private": "eyJlMmJmYjczMC1lY2FhLTExZTYtOGY4OC0zNDM2M2JjN2M0YzAiOnsiY3JlYXRlIjoxODAwMDAwMDAwMDAwLCJkZWxldGUiOjE4MDAwMDAwMDAwMDAsInJlYWQiOjMwMDAwMDAwMDAwMCwidXBkYXRlIjoxODAwMDAwMDAwMDAwfX0=",
          "dependencies": [
            "azurerm_resource_group.my_resource_group",
            "module.load_balancer.azurerm_lb.db_lb",
            "module.load_balancer.azurerm_public_ip.db_public_ip"
          ]
        }
      ]
    },
    {
      "module": "module.load_balancer",
      "mode": "managed",
      "type": "azurerm_lb_probe",
      "name": "db_health_probe",
      "provider": "provider[\"registry.terraform.io/hashicorp/azurerm\"]",
      "instances": [
        {
          "schema_version": 0,
          "attributes": {
            "id": "/subscriptions/a2df4b23-b997-4f91-bfd2-b75e9f7812d8/resourceGroups/my-resource-group/providers/Microsoft.Network/loadBalancers/db-load-balancer/probes/db-health-probe",
            "interval_in_seconds": 15,
            "load_balancer_rules": [],
            "loadbalancer_id": "/subscriptions/a2df4b23-b997-4f91-bfd2-b75e9f7812d8/resourceGroups/my-resource-group/providers/Microsoft.Network/loadBalancers/db-load-balancer",
            "name": "db-health-probe",
            "number_of_probes": 2,
            "port": 3306,
            "probe_threshold": 1,
            "protocol": "Tcp",
            "request_path": "",
            "timeouts": null
          },
          "sensitive_attributes": [],
          "private": "eyJlMmJmYjczMC1lY2FhLTExZTYtOGY4OC0zNDM2M2JjN2M0YzAiOnsiY3JlYXRlIjoxODAwMDAwMDAwMDAwLCJkZWxldGUiOjE4MDAwMDAwMDAwMDAsInJlYWQiOjMwMDAwMDAwMDAwMCwidXBkYXRlIjoxODAwMDAwMDAwMDAwfX0=",
          "dependencies": [
            "azurerm_resource_group.my_resource_group",
            "module.load_balancer.azurerm_lb.db_lb",
            "module.load_balancer.azurerm_public_ip.db_public_ip"
          ]
        }
      ]
    },
    {
      "module": "module.load_balancer",
      "mode": "managed",
      "type": "azurerm_lb_rule",
      "name": "db_lb_rule",
      "provider": "provider[\"registry.terraform.io/hashicorp/azurerm\"]",
      "instances": [
        {
          "schema_version": 0,
          "attributes": {
            "backend_address_pool_ids": [
              "/subscriptions/a2df4b23-b997-4f91-bfd2-b75e9f7812d8/resourceGroups/my-resource-group/providers/Microsoft.Network/loadBalancers/db-load-balancer/backendAddressPools/db-backend-pool"
            ],
            "backend_port": 3306,
            "disable_outbound_snat": false,
            "enable_floating_ip": false,
            "enable_tcp_reset": false,
            "frontend_ip_configuration_id": "/subscriptions/a2df4b23-b997-4f91-bfd2-b75e9f7812d8/resourceGroups/my-resource-group/providers/Microsoft.Network/loadBalancers/db-load-balancer/frontendIPConfigurations/frontend-ip-db",
            "frontend_ip_configuration_name": "frontend-ip-db",
            "frontend_port": 3306,
            "id": "/subscriptions/a2df4b23-b997-4f91-bfd2-b75e9f7812d8/resourceGroups/my-resource-group/providers/Microsoft.Network/loadBalancers/db-load-balancer/loadBalancingRules/db-load-balancer-rule",
            "idle_timeout_in_minutes": 4,
            "load_distribution": "Default",
            "loadbalancer_id": "/subscriptions/a2df4b23-b997-4f91-bfd2-b75e9f7812d8/resourceGroups/my-resource-group/providers/Microsoft.Network/loadBalancers/db-load-balancer",
            "name": "db-load-balancer-rule",
            "probe_id": "/subscriptions/a2df4b23-b997-4f91-bfd2-b75e9f7812d8/resourceGroups/my-resource-group/providers/Microsoft.Network/loadBalancers/db-load-balancer/probes/db-health-probe",
            "protocol": "Tcp",
            "timeouts": null
          },
          "sensitive_attributes": [],
          "private": "eyJlMmJmYjczMC1lY2FhLTExZTYtOGY4OC0zNDM2M2JjN2M0YzAiOnsiY3JlYXRlIjoxODAwMDAwMDAwMDAwLCJkZWxldGUiOjE4MDAwMDAwMDAwMDAsInJlYWQiOjMwMDAwMDAwMDAwMCwidXBkYXRlIjoxODAwMDAwMDAwMDAwfX0=",
          "dependencies": [
            "azurerm_resource_group.my_resource_group",
            "module.load_balancer.azurerm_lb.db_lb",
            "module.load_balancer.azurerm_lb_backend_address_pool.db_backend_pool",
            "module.load_balancer.azurerm_lb_probe.db_health_probe",
            "module.load_balancer.azurerm_public_ip.db_public_ip"
          ]
        }
      ]
    },
    {
      "module": "module.load_balancer",
      "mode": "managed",
      "type": "azurerm_public_ip",
      "name": "db_public_ip",
      "provider": "provider[\"registry.terraform.io/hashicorp/azurerm\"]",
      "instances": [
        {
          "schema_version": 0,
          "attributes": {
            "allocation_method": "Static",
            "ddos_protection_mode": "VirtualNetworkInherited",
            "ddos_protection_plan_id": null,
            "domain_name_label": null,
            "domain_name_label_scope": null,
            "edge_zone": "",
            "fqdn": null,
            "id": "/subscriptions/a2df4b23-b997-4f91-bfd2-b75e9f7812d8/resourceGroups/my-resource-group/providers/Microsoft.Network/publicIPAddresses/db-lb-public-ip",
            "idle_timeout_in_minutes": 4,
            "ip_address": "51.13.40.73",
            "ip_tags": null,
            "ip_version": "IPv4",
            "location": "norwayeast",
            "name": "db-lb-public-ip",
            "public_ip_prefix_id": null,
            "resource_group_name": "my-resource-group",
            "reverse_fqdn": null,
            "sku": "Standard",
            "sku_tier": "Regional",
            "tags": null,
            "timeouts": null,
            "zones": null
          },
          "sensitive_attributes": [],
          "private": "eyJlMmJmYjczMC1lY2FhLTExZTYtOGY4OC0zNDM2M2JjN2M0YzAiOnsiY3JlYXRlIjoxODAwMDAwMDAwMDAwLCJkZWxldGUiOjE4MDAwMDAwMDAwMDAsInJlYWQiOjMwMDAwMDAwMDAwMCwidXBkYXRlIjoxODAwMDAwMDAwMDAwfX0=",
          "dependencies": [
            "azurerm_resource_group.my_resource_group"
          ]
        }
      ]
    },
    {
      "module": "module.network",
      "mode": "managed",
      "type": "azurerm_subnet",
      "name": "subnet",
      "provider": "provider[\"registry.terraform.io/hashicorp/azurerm\"]",
      "instances": [
        {
          "schema_version": 0,
          "attributes": {
            "address_prefixes": [
              "10.0.1.0/24"
            ],
            "default_outbound_access_enabled": true,
            "delegation": [],
            "id": "/subscriptions/a2df4b23-b997-4f91-bfd2-b75e9f7812d8/resourceGroups/my-resource-group/providers/Microsoft.Network/virtualNetworks/my-vnet/subnets/my-subnet",
            "name": "my-subnet",
            "private_endpoint_network_policies": "Disabled",
            "private_link_service_network_policies_enabled": true,
            "resource_group_name": "my-resource-group",
            "service_endpoint_policy_ids": null,
            "service_endpoints": null,
            "timeouts": null,
            "virtual_network_name": "my-vnet"
          },
          "sensitive_attributes": [],
          "private": "eyJlMmJmYjczMC1lY2FhLTExZTYtOGY4OC0zNDM2M2JjN2M0YzAiOnsiY3JlYXRlIjoxODAwMDAwMDAwMDAwLCJkZWxldGUiOjE4MDAwMDAwMDAwMDAsInJlYWQiOjMwMDAwMDAwMDAwMCwidXBkYXRlIjoxODAwMDAwMDAwMDAwfX0=",
          "dependencies": [
            "azurerm_resource_group.my_resource_group",
            "module.network.azurerm_virtual_network.vnet"
          ]
        }
      ]
    },
    {
      "module": "module.network",
      "mode": "managed",
      "type": "azurerm_virtual_network",
      "name": "vnet",
      "provider": "provider[\"registry.terraform.io/hashicorp/azurerm\"]",
      "instances": [
        {
          "schema_version": 0,
          "attributes": {
            "address_space": [
              "10.0.0.0/16"
            ],
            "bgp_community": "",
            "ddos_protection_plan": [],
            "dns_servers": [],
            "edge_zone": "",
            "encryption": [],
            "flow_timeout_in_minutes": 0,
            "guid": "5690a5b4-a099-42f1-bc3d-009c161950f3",
            "id": "/subscriptions/a2df4b23-b997-4f91-bfd2-b75e9f7812d8/resourceGroups/my-resource-group/providers/Microsoft.Network/virtualNetworks/my-vnet",
            "location": "norwayeast",
            "name": "my-vnet",
            "resource_group_name": "my-resource-group",
            "subnet": [],
            "tags": null,
            "timeouts": null
          },
          "sensitive_attributes": [],
          "private": "eyJlMmJmYjczMC1lY2FhLTExZTYtOGY4OC0zNDM2M2JjN2M0YzAiOnsiY3JlYXRlIjoxODAwMDAwMDAwMDAwLCJkZWxldGUiOjE4MDAwMDAwMDAwMDAsInJlYWQiOjMwMDAwMDAwMDAwMCwidXBkYXRlIjoxODAwMDAwMDAwMDAwfX0=",
          "dependencies": [
            "azurerm_resource_group.my_resource_group"
          ]
        }
      ]
    },
    {
      "module": "module.vm",
      "mode": "managed",
      "type": "azurerm_network_interface",
      "name": "web_nic",
      "provider": "provider[\"registry.terraform.io/hashicorp/azurerm\"]",
      "instances": [
        {
          "schema_version": 0,
          "attributes": {
            "accelerated_networking_enabled": false,
            "applied_dns_servers": [],
            "auxiliary_mode": "",
            "auxiliary_sku": "",
            "dns_servers": null,
            "edge_zone": "",
            "id": "/subscriptions/a2df4b23-b997-4f91-bfd2-b75e9f7812d8/resourceGroups/my-resource-group/providers/Microsoft.Network/networkInterfaces/web-nic",
            "internal_dns_name_label": "",
            "internal_domain_name_suffix": "wsszavuzudyufpb3acobmgkq4d.oslx.internal.cloudapp.net",
            "ip_configuration": [
              {
                "gateway_load_balancer_frontend_ip_configuration_id": "",
                "name": "internal",
                "primary": true,
                "private_ip_address": "10.0.1.4",
                "private_ip_address_allocation": "Dynamic",
                "private_ip_address_version": "IPv4",
                "public_ip_address_id": "/subscriptions/a2df4b23-b997-4f91-bfd2-b75e9f7812d8/resourceGroups/my-resource-group/providers/Microsoft.Network/publicIPAddresses/web-public-ip",
                "subnet_id": "/subscriptions/a2df4b23-b997-4f91-bfd2-b75e9f7812d8/resourceGroups/my-resource-group/providers/Microsoft.Network/virtualNetworks/my-vnet/subnets/my-subnet"
              }
            ],
            "ip_forwarding_enabled": false,
            "location": "norwayeast",
            "mac_address": "",
            "name": "web-nic",
            "private_ip_address": "10.0.1.4",
            "private_ip_addresses": [
              "10.0.1.4"
            ],
            "resource_group_name": "my-resource-group",
            "tags": null,
            "timeouts": null,
            "virtual_machine_id": ""
          },
          "sensitive_attributes": [],
          "private": "eyJlMmJmYjczMC1lY2FhLTExZTYtOGY4OC0zNDM2M2JjN2M0YzAiOnsiY3JlYXRlIjoxODAwMDAwMDAwMDAwLCJkZWxldGUiOjE4MDAwMDAwMDAwMDAsInJlYWQiOjMwMDAwMDAwMDAwMCwidXBkYXRlIjoxODAwMDAwMDAwMDAwfX0=",
          "dependencies": [
            "azurerm_resource_group.my_resource_group",
            "module.network.azurerm_subnet.subnet",
            "module.network.azurerm_virtual_network.vnet",
            "module.vm.azurerm_public_ip.web_public_ip"
          ]
        }
      ]
    },
    {
      "module": "module.vm",
      "mode": "managed",
      "type": "azurerm_public_ip",
      "name": "db_public_ip",
      "provider": "provider[\"registry.terraform.io/hashicorp/azurerm\"]",
      "instances": [
        {
          "index_key": 0,
          "schema_version": 0,
          "attributes": {
            "allocation_method": "Static",
            "ddos_protection_mode": "VirtualNetworkInherited",
            "ddos_protection_plan_id": null,
            "domain_name_label": null,
            "domain_name_label_scope": null,
            "edge_zone": "",
            "fqdn": null,
            "id": "/subscriptions/a2df4b23-b997-4f91-bfd2-b75e9f7812d8/resourceGroups/my-resource-group/providers/Microsoft.Network/publicIPAddresses/db-public-ip-1",
            "idle_timeout_in_minutes": 4,
            "ip_address": "51.13.40.239",
            "ip_tags": null,
            "ip_version": "IPv4",
            "location": "norwayeast",
            "name": "db-public-ip-1",
            "public_ip_prefix_id": null,
            "resource_group_name": "my-resource-group",
            "reverse_fqdn": null,
            "sku": "Standard",
            "sku_tier": "Regional",
            "tags": null,
            "timeouts": null,
            "zones": null
          },
          "sensitive_attributes": [],
          "private": "eyJlMmJmYjczMC1lY2FhLTExZTYtOGY4OC0zNDM2M2JjN2M0YzAiOnsiY3JlYXRlIjoxODAwMDAwMDAwMDAwLCJkZWxldGUiOjE4MDAwMDAwMDAwMDAsInJlYWQiOjMwMDAwMDAwMDAwMCwidXBkYXRlIjoxODAwMDAwMDAwMDAwfX0=",
          "dependencies": [
            "azurerm_resource_group.my_resource_group"
          ]
        }
      ]
    },
    {
      "module": "module.vm",
      "mode": "managed",
      "type": "azurerm_public_ip",
      "name": "web_public_ip",
      "provider": "provider[\"registry.terraform.io/hashicorp/azurerm\"]",
      "instances": [
        {
          "schema_version": 0,
          "attributes": {
            "allocation_method": "Static",
            "ddos_protection_mode": "VirtualNetworkInherited",
            "ddos_protection_plan_id": null,
            "domain_name_label": null,
            "domain_name_label_scope": null,
            "edge_zone": "",
            "fqdn": null,
            "id": "/subscriptions/a2df4b23-b997-4f91-bfd2-b75e9f7812d8/resourceGroups/my-resource-group/providers/Microsoft.Network/publicIPAddresses/web-public-ip",
            "idle_timeout_in_minutes": 4,
            "ip_address": "51.13.42.158",
            "ip_tags": null,
            "ip_version": "IPv4",
            "location": "norwayeast",
            "name": "web-public-ip",
            "public_ip_prefix_id": null,
            "resource_group_name": "my-resource-group",
            "reverse_fqdn": null,
            "sku": "Standard",
            "sku_tier": "Regional",
            "tags": null,
            "timeouts": null,
            "zones": null
          },
          "sensitive_attributes": [],
          "private": "eyJlMmJmYjczMC1lY2FhLTExZTYtOGY4OC0zNDM2M2JjN2M0YzAiOnsiY3JlYXRlIjoxODAwMDAwMDAwMDAwLCJkZWxldGUiOjE4MDAwMDAwMDAwMDAsInJlYWQiOjMwMDAwMDAwMDAwMCwidXBkYXRlIjoxODAwMDAwMDAwMDAwfX0=",
          "dependencies": [
            "azurerm_resource_group.my_resource_group"
          ]
        }
      ]
    }
  ],
  "check_results": null
}
